
Microsoft Visual Studio Solution File, Format Version 12.00
# Visual Studio Version 16
VisualStudioVersion = 16.0.29709.97
MinimumVisualStudioVersion = 10.0.40219.1
Project("{FAE04EC0-301F-11D3-BF4B-00C04F79EFBC}") = "DateModifier", "DateModifier\DateModifier.csproj", "{34AF9B9E-4346-4FD4-8D7F-DD7EE4D64A6D}"
EndProject
Global
	GlobalSection(SolutionConfigurationPlatforms) = preSolution
		Debug|Any CPU = Debug|Any CPU
		Release|Any CPU = Release|Any CPU
	EndGlobalSection
	GlobalSection(ProjectConfigurationPlatforms) = postSolution
		{34AF9B9E-4346-4FD4-8D7F-DD7EE4D64A6D}.Debug|Any CPU.ActiveCfg = Debug|Any CPU
		{34AF9B9E-4346-4FD4-8D7F-DD7EE4D64A6D}.Debug|Any CPU.Build.0 = Debug|Any CPU
		{34AF9B9E-4346-4FD4-8D7F-DD7EE4D64A6D}.Release|Any CPU.ActiveCfg = Release|Any CPU
		{34AF9B9E-4346-4FD4-8D7F-DD7EE4D64A6D}.Release|Any CPU.Build.0 = Release|Any CPU
	EndGlobalSection
	GlobalSection(SolutionProperties) = preSolution
		HideSolutionNode = FALSE
	EndGlobalSection
	GlobalSection(ExtensibilityGlobals) = postSolution
		SolutionGuid = {6C196BF0-7AE4-4A36-A646-59E5712265DC}
	EndGlobalSection
EndGlobal
