
Microsoft Visual Studio Solution File, Format Version 12.00
# Visual Studio Version 16
VisualStudioVersion = 16.0.29306.81
MinimumVisualStudioVersion = 10.0.40219.1
Project("{FAE04EC0-301F-11D3-BF4B-00C04F79EFBC}") = "Divison", "Divison\Divison.csproj", "{2B87CF19-F51B-4770-A220-A1C180E8932F}"
EndProject
Global
	GlobalSection(SolutionConfigurationPlatforms) = preSolution
		Debug|Any CPU = Debug|Any CPU
		Release|Any CPU = Release|Any CPU
	EndGlobalSection
	GlobalSection(ProjectConfigurationPlatforms) = postSolution
		{2B87CF19-F51B-4770-A220-A1C180E8932F}.Debug|Any CPU.ActiveCfg = Debug|Any CPU
		{2B87CF19-F51B-4770-A220-A1C180E8932F}.Debug|Any CPU.Build.0 = Debug|Any CPU
		{2B87CF19-F51B-4770-A220-A1C180E8932F}.Release|Any CPU.ActiveCfg = Release|Any CPU
		{2B87CF19-F51B-4770-A220-A1C180E8932F}.Release|Any CPU.Build.0 = Release|Any CPU
	EndGlobalSection
	GlobalSection(SolutionProperties) = preSolution
		HideSolutionNode = FALSE
	EndGlobalSection
	GlobalSection(ExtensibilityGlobals) = postSolution
		SolutionGuid = {3C1B4DC3-AD38-4918-AFBA-5E2E12E0A948}
	EndGlobalSection
EndGlobal
