
Microsoft Visual Studio Solution File, Format Version 12.00
# Visual Studio 15
VisualStudioVersion = 15.0.28010.2036
MinimumVisualStudioVersion = 10.0.40219.1
Project("{FAE04EC0-301F-11D3-BF4B-00C04F79EFBC}") = "number up to 1000 on 7", "number up to 1000 on 7\number up to 1000 on 7.csproj", "{4C3FE6E8-D7E9-4CA0-8696-0FA224A2B935}"
EndProject
Global
	GlobalSection(SolutionConfigurationPlatforms) = preSolution
		Debug|Any CPU = Debug|Any CPU
		Release|Any CPU = Release|Any CPU
	EndGlobalSection
	GlobalSection(ProjectConfigurationPlatforms) = postSolution
		{4C3FE6E8-D7E9-4CA0-8696-0FA224A2B935}.Debug|Any CPU.ActiveCfg = Debug|Any CPU
		{4C3FE6E8-D7E9-4CA0-8696-0FA224A2B935}.Debug|Any CPU.Build.0 = Debug|Any CPU
		{4C3FE6E8-D7E9-4CA0-8696-0FA224A2B935}.Release|Any CPU.ActiveCfg = Release|Any CPU
		{4C3FE6E8-D7E9-4CA0-8696-0FA224A2B935}.Release|Any CPU.Build.0 = Release|Any CPU
	EndGlobalSection
	GlobalSection(SolutionProperties) = preSolution
		HideSolutionNode = FALSE
	EndGlobalSection
	GlobalSection(ExtensibilityGlobals) = postSolution
		SolutionGuid = {CD6F2241-2814-4F04-9B74-9DB1E5A0BD93}
	EndGlobalSection
EndGlobal
