
Microsoft Visual Studio Solution File, Format Version 12.00
# Visual Studio Version 16
VisualStudioVersion = 16.0.29411.108
MinimumVisualStudioVersion = 10.0.40219.1
Project("{FAE04EC0-301F-11D3-BF4B-00C04F79EFBC}") = "SoftUni Exam Results", "SoftUni Exam Results\SoftUni Exam Results.csproj", "{728E091B-3467-4C92-9153-E9C137309818}"
EndProject
Global
	GlobalSection(SolutionConfigurationPlatforms) = preSolution
		Debug|Any CPU = Debug|Any CPU
		Release|Any CPU = Release|Any CPU
	EndGlobalSection
	GlobalSection(ProjectConfigurationPlatforms) = postSolution
		{728E091B-3467-4C92-9153-E9C137309818}.Debug|Any CPU.ActiveCfg = Debug|Any CPU
		{728E091B-3467-4C92-9153-E9C137309818}.Debug|Any CPU.Build.0 = Debug|Any CPU
		{728E091B-3467-4C92-9153-E9C137309818}.Release|Any CPU.ActiveCfg = Release|Any CPU
		{728E091B-3467-4C92-9153-E9C137309818}.Release|Any CPU.Build.0 = Release|Any CPU
	EndGlobalSection
	GlobalSection(SolutionProperties) = preSolution
		HideSolutionNode = FALSE
	EndGlobalSection
	GlobalSection(ExtensibilityGlobals) = postSolution
		SolutionGuid = {377284BD-68BF-48B3-9028-4E26CA35801B}
	EndGlobalSection
EndGlobal
