
Microsoft Visual Studio Solution File, Format Version 12.00
# Visual Studio Version 16
VisualStudioVersion = 16.0.29306.81
MinimumVisualStudioVersion = 10.0.40219.1
Project("{FAE04EC0-301F-11D3-BF4B-00C04F79EFBC}") = "Black Flag", "Black Flag\Black Flag.csproj", "{1FDDA1A7-6D8B-4865-BA69-0D648A3DA9A1}"
EndProject
Global
	GlobalSection(SolutionConfigurationPlatforms) = preSolution
		Debug|Any CPU = Debug|Any CPU
		Release|Any CPU = Release|Any CPU
	EndGlobalSection
	GlobalSection(ProjectConfigurationPlatforms) = postSolution
		{1FDDA1A7-6D8B-4865-BA69-0D648A3DA9A1}.Debug|Any CPU.ActiveCfg = Debug|Any CPU
		{1FDDA1A7-6D8B-4865-BA69-0D648A3DA9A1}.Debug|Any CPU.Build.0 = Debug|Any CPU
		{1FDDA1A7-6D8B-4865-BA69-0D648A3DA9A1}.Release|Any CPU.ActiveCfg = Release|Any CPU
		{1FDDA1A7-6D8B-4865-BA69-0D648A3DA9A1}.Release|Any CPU.Build.0 = Release|Any CPU
	EndGlobalSection
	GlobalSection(SolutionProperties) = preSolution
		HideSolutionNode = FALSE
	EndGlobalSection
	GlobalSection(ExtensibilityGlobals) = postSolution
		SolutionGuid = {83CFF2C5-F2F7-4E69-877D-1454D74D1385}
	EndGlobalSection
EndGlobal
