
Microsoft Visual Studio Solution File, Format Version 12.00
# Visual Studio Version 16
VisualStudioVersion = 16.0.29709.97
MinimumVisualStudioVersion = 10.0.40219.1
Project("{FAE04EC0-301F-11D3-BF4B-00C04F79EFBC}") = "BirthdayCelebrations", "BirthdayCelebrations\BirthdayCelebrations.csproj", "{59BA732C-1A7F-4881-9CF7-D801BBB73D68}"
EndProject
Global
	GlobalSection(SolutionConfigurationPlatforms) = preSolution
		Debug|Any CPU = Debug|Any CPU
		Release|Any CPU = Release|Any CPU
	EndGlobalSection
	GlobalSection(ProjectConfigurationPlatforms) = postSolution
		{59BA732C-1A7F-4881-9CF7-D801BBB73D68}.Debug|Any CPU.ActiveCfg = Debug|Any CPU
		{59BA732C-1A7F-4881-9CF7-D801BBB73D68}.Debug|Any CPU.Build.0 = Debug|Any CPU
		{59BA732C-1A7F-4881-9CF7-D801BBB73D68}.Release|Any CPU.ActiveCfg = Release|Any CPU
		{59BA732C-1A7F-4881-9CF7-D801BBB73D68}.Release|Any CPU.Build.0 = Release|Any CPU
	EndGlobalSection
	GlobalSection(SolutionProperties) = preSolution
		HideSolutionNode = FALSE
	EndGlobalSection
	GlobalSection(ExtensibilityGlobals) = postSolution
		SolutionGuid = {C191E364-165A-48E2-AB7B-8F6422967018}
	EndGlobalSection
EndGlobal
