
Microsoft Visual Studio Solution File, Format Version 12.00
# Visual Studio Version 16
VisualStudioVersion = 16.0.29411.108
MinimumVisualStudioVersion = 10.0.40219.1
Project("{FAE04EC0-301F-11D3-BF4B-00C04F79EFBC}") = "Concert", "Concert\Concert.csproj", "{1480017E-499D-4F56-A27A-34D59FF8B94D}"
EndProject
Global
	GlobalSection(SolutionConfigurationPlatforms) = preSolution
		Debug|Any CPU = Debug|Any CPU
		Release|Any CPU = Release|Any CPU
	EndGlobalSection
	GlobalSection(ProjectConfigurationPlatforms) = postSolution
		{1480017E-499D-4F56-A27A-34D59FF8B94D}.Debug|Any CPU.ActiveCfg = Debug|Any CPU
		{1480017E-499D-4F56-A27A-34D59FF8B94D}.Debug|Any CPU.Build.0 = Debug|Any CPU
		{1480017E-499D-4F56-A27A-34D59FF8B94D}.Release|Any CPU.ActiveCfg = Release|Any CPU
		{1480017E-499D-4F56-A27A-34D59FF8B94D}.Release|Any CPU.Build.0 = Release|Any CPU
	EndGlobalSection
	GlobalSection(SolutionProperties) = preSolution
		HideSolutionNode = FALSE
	EndGlobalSection
	GlobalSection(ExtensibilityGlobals) = postSolution
		SolutionGuid = {4C5C138D-DADC-445F-BD3A-09E3CD3C6C9E}
	EndGlobalSection
EndGlobal
