
Microsoft Visual Studio Solution File, Format Version 12.00
# Visual Studio 15
VisualStudioVersion = 15.0.28307.852
MinimumVisualStudioVersion = 10.0.40219.1
Project("{FAE04EC0-301F-11D3-BF4B-00C04F79EFBC}") = "Message Translator", "Message Translator\Message Translator.csproj", "{FDFEB70A-2E4D-40DC-B3AB-8A43315E7541}"
EndProject
Global
	GlobalSection(SolutionConfigurationPlatforms) = preSolution
		Debug|Any CPU = Debug|Any CPU
		Release|Any CPU = Release|Any CPU
	EndGlobalSection
	GlobalSection(ProjectConfigurationPlatforms) = postSolution
		{FDFEB70A-2E4D-40DC-B3AB-8A43315E7541}.Debug|Any CPU.ActiveCfg = Debug|Any CPU
		{FDFEB70A-2E4D-40DC-B3AB-8A43315E7541}.Debug|Any CPU.Build.0 = Debug|Any CPU
		{FDFEB70A-2E4D-40DC-B3AB-8A43315E7541}.Release|Any CPU.ActiveCfg = Release|Any CPU
		{FDFEB70A-2E4D-40DC-B3AB-8A43315E7541}.Release|Any CPU.Build.0 = Release|Any CPU
	EndGlobalSection
	GlobalSection(SolutionProperties) = preSolution
		HideSolutionNode = FALSE
	EndGlobalSection
	GlobalSection(ExtensibilityGlobals) = postSolution
		SolutionGuid = {C05B8CA4-D9CC-4E38-9753-C0E7CA9FDF4B}
	EndGlobalSection
EndGlobal
