
Microsoft Visual Studio Solution File, Format Version 12.00
# Visual Studio 15
VisualStudioVersion = 15.0.28010.2036
MinimumVisualStudioVersion = 10.0.40219.1
Project("{FAE04EC0-301F-11D3-BF4B-00C04F79EFBC}") = "Half Sum Element", "Half Sum Element\Half Sum Element.csproj", "{1C2C59D0-B567-4165-BF61-78BD67575C81}"
EndProject
Global
	GlobalSection(SolutionConfigurationPlatforms) = preSolution
		Debug|Any CPU = Debug|Any CPU
		Release|Any CPU = Release|Any CPU
	EndGlobalSection
	GlobalSection(ProjectConfigurationPlatforms) = postSolution
		{1C2C59D0-B567-4165-BF61-78BD67575C81}.Debug|Any CPU.ActiveCfg = Debug|Any CPU
		{1C2C59D0-B567-4165-BF61-78BD67575C81}.Debug|Any CPU.Build.0 = Debug|Any CPU
		{1C2C59D0-B567-4165-BF61-78BD67575C81}.Release|Any CPU.ActiveCfg = Release|Any CPU
		{1C2C59D0-B567-4165-BF61-78BD67575C81}.Release|Any CPU.Build.0 = Release|Any CPU
	EndGlobalSection
	GlobalSection(SolutionProperties) = preSolution
		HideSolutionNode = FALSE
	EndGlobalSection
	GlobalSection(ExtensibilityGlobals) = postSolution
		SolutionGuid = {2E28867F-6E80-4BC5-8E08-A262709C40D3}
	EndGlobalSection
EndGlobal
