
Microsoft Visual Studio Solution File, Format Version 12.00
# Visual Studio Version 16
VisualStudioVersion = 16.0.29709.97
MinimumVisualStudioVersion = 10.0.40219.1
Project("{FAE04EC0-301F-11D3-BF4B-00C04F79EFBC}") = "Sets of Elements", "Sets of Elements\Sets of Elements.csproj", "{6A6E2CBF-A5BF-4FE7-B97E-1FB123E6A41A}"
EndProject
Global
	GlobalSection(SolutionConfigurationPlatforms) = preSolution
		Debug|Any CPU = Debug|Any CPU
		Release|Any CPU = Release|Any CPU
	EndGlobalSection
	GlobalSection(ProjectConfigurationPlatforms) = postSolution
		{6A6E2CBF-A5BF-4FE7-B97E-1FB123E6A41A}.Debug|Any CPU.ActiveCfg = Debug|Any CPU
		{6A6E2CBF-A5BF-4FE7-B97E-1FB123E6A41A}.Debug|Any CPU.Build.0 = Debug|Any CPU
		{6A6E2CBF-A5BF-4FE7-B97E-1FB123E6A41A}.Release|Any CPU.ActiveCfg = Release|Any CPU
		{6A6E2CBF-A5BF-4FE7-B97E-1FB123E6A41A}.Release|Any CPU.Build.0 = Release|Any CPU
	EndGlobalSection
	GlobalSection(SolutionProperties) = preSolution
		HideSolutionNode = FALSE
	EndGlobalSection
	GlobalSection(ExtensibilityGlobals) = postSolution
		SolutionGuid = {C2D0AAD4-D7E0-4C9C-8A0B-3B204F334823}
	EndGlobalSection
EndGlobal
