
Microsoft Visual Studio Solution File, Format Version 12.00
# Visual Studio Version 16
VisualStudioVersion = 16.0.29411.108
MinimumVisualStudioVersion = 10.0.40219.1
Project("{FAE04EC0-301F-11D3-BF4B-00C04F79EFBC}") = "Advertisement Message", "Advertisement Message\Advertisement Message.csproj", "{064E3DC1-4EC5-457F-A358-DBD988D04E80}"
EndProject
Global
	GlobalSection(SolutionConfigurationPlatforms) = preSolution
		Debug|Any CPU = Debug|Any CPU
		Release|Any CPU = Release|Any CPU
	EndGlobalSection
	GlobalSection(ProjectConfigurationPlatforms) = postSolution
		{064E3DC1-4EC5-457F-A358-DBD988D04E80}.Debug|Any CPU.ActiveCfg = Debug|Any CPU
		{064E3DC1-4EC5-457F-A358-DBD988D04E80}.Debug|Any CPU.Build.0 = Debug|Any CPU
		{064E3DC1-4EC5-457F-A358-DBD988D04E80}.Release|Any CPU.ActiveCfg = Release|Any CPU
		{064E3DC1-4EC5-457F-A358-DBD988D04E80}.Release|Any CPU.Build.0 = Release|Any CPU
	EndGlobalSection
	GlobalSection(SolutionProperties) = preSolution
		HideSolutionNode = FALSE
	EndGlobalSection
	GlobalSection(ExtensibilityGlobals) = postSolution
		SolutionGuid = {7ED80C6D-9E25-47D1-A9D5-DBC1CC03BC32}
	EndGlobalSection
EndGlobal
