
Microsoft Visual Studio Solution File, Format Version 12.00
# Visual Studio Version 16
VisualStudioVersion = 16.0.29411.108
MinimumVisualStudioVersion = 10.0.40219.1
Project("{FAE04EC0-301F-11D3-BF4B-00C04F79EFBC}") = "Valid Usernames", "Valid Usernames\Valid Usernames.csproj", "{F48C137E-07A2-42E1-9757-C470FF2FF781}"
EndProject
Global
	GlobalSection(SolutionConfigurationPlatforms) = preSolution
		Debug|Any CPU = Debug|Any CPU
		Release|Any CPU = Release|Any CPU
	EndGlobalSection
	GlobalSection(ProjectConfigurationPlatforms) = postSolution
		{F48C137E-07A2-42E1-9757-C470FF2FF781}.Debug|Any CPU.ActiveCfg = Debug|Any CPU
		{F48C137E-07A2-42E1-9757-C470FF2FF781}.Debug|Any CPU.Build.0 = Debug|Any CPU
		{F48C137E-07A2-42E1-9757-C470FF2FF781}.Release|Any CPU.ActiveCfg = Release|Any CPU
		{F48C137E-07A2-42E1-9757-C470FF2FF781}.Release|Any CPU.Build.0 = Release|Any CPU
	EndGlobalSection
	GlobalSection(SolutionProperties) = preSolution
		HideSolutionNode = FALSE
	EndGlobalSection
	GlobalSection(ExtensibilityGlobals) = postSolution
		SolutionGuid = {493C4D82-1848-44E9-B521-E462F5E1D0E5}
	EndGlobalSection
EndGlobal
