
Microsoft Visual Studio Solution File, Format Version 12.00
# Visual Studio Version 16
VisualStudioVersion = 16.0.29709.97
MinimumVisualStudioVersion = 10.0.40219.1
Project("{FAE04EC0-301F-11D3-BF4B-00C04F79EFBC}") = "Truck Tour", "Truck Tour\Truck Tour.csproj", "{C06AB278-27B3-402A-9B70-0CC77CEDB023}"
EndProject
Global
	GlobalSection(SolutionConfigurationPlatforms) = preSolution
		Debug|Any CPU = Debug|Any CPU
		Release|Any CPU = Release|Any CPU
	EndGlobalSection
	GlobalSection(ProjectConfigurationPlatforms) = postSolution
		{C06AB278-27B3-402A-9B70-0CC77CEDB023}.Debug|Any CPU.ActiveCfg = Debug|Any CPU
		{C06AB278-27B3-402A-9B70-0CC77CEDB023}.Debug|Any CPU.Build.0 = Debug|Any CPU
		{C06AB278-27B3-402A-9B70-0CC77CEDB023}.Release|Any CPU.ActiveCfg = Release|Any CPU
		{C06AB278-27B3-402A-9B70-0CC77CEDB023}.Release|Any CPU.Build.0 = Release|Any CPU
	EndGlobalSection
	GlobalSection(SolutionProperties) = preSolution
		HideSolutionNode = FALSE
	EndGlobalSection
	GlobalSection(ExtensibilityGlobals) = postSolution
		SolutionGuid = {56494FC4-CF93-4716-9AC6-3BBD0C800299}
	EndGlobalSection
EndGlobal
