
Microsoft Visual Studio Solution File, Format Version 12.00
# Visual Studio Version 16
VisualStudioVersion = 16.0.29709.97
MinimumVisualStudioVersion = 10.0.40219.1
Project("{FAE04EC0-301F-11D3-BF4B-00C04F79EFBC}") = "Club Party", "Club Party\Club Party.csproj", "{2CB932F1-0FE4-43B1-92B1-233F1AFDD379}"
EndProject
Global
	GlobalSection(SolutionConfigurationPlatforms) = preSolution
		Debug|Any CPU = Debug|Any CPU
		Release|Any CPU = Release|Any CPU
	EndGlobalSection
	GlobalSection(ProjectConfigurationPlatforms) = postSolution
		{2CB932F1-0FE4-43B1-92B1-233F1AFDD379}.Debug|Any CPU.ActiveCfg = Debug|Any CPU
		{2CB932F1-0FE4-43B1-92B1-233F1AFDD379}.Debug|Any CPU.Build.0 = Debug|Any CPU
		{2CB932F1-0FE4-43B1-92B1-233F1AFDD379}.Release|Any CPU.ActiveCfg = Release|Any CPU
		{2CB932F1-0FE4-43B1-92B1-233F1AFDD379}.Release|Any CPU.Build.0 = Release|Any CPU
	EndGlobalSection
	GlobalSection(SolutionProperties) = preSolution
		HideSolutionNode = FALSE
	EndGlobalSection
	GlobalSection(ExtensibilityGlobals) = postSolution
		SolutionGuid = {446E564F-5503-4EB1-A349-15038EB59CDF}
	EndGlobalSection
EndGlobal
