
Microsoft Visual Studio Solution File, Format Version 12.00
# Visual Studio Version 16
VisualStudioVersion = 16.0.29728.190
MinimumVisualStudioVersion = 10.0.40219.1
Project("{FAE04EC0-301F-11D3-BF4B-00C04F79EFBC}") = "AquariumAdventure", "AquariumAdventure\AquariumAdventure.csproj", "{B8397165-479C-4A86-8563-6DC7E350AF33}"
EndProject
Global
	GlobalSection(SolutionConfigurationPlatforms) = preSolution
		Debug|Any CPU = Debug|Any CPU
		Release|Any CPU = Release|Any CPU
	EndGlobalSection
	GlobalSection(ProjectConfigurationPlatforms) = postSolution
		{B8397165-479C-4A86-8563-6DC7E350AF33}.Debug|Any CPU.ActiveCfg = Debug|Any CPU
		{B8397165-479C-4A86-8563-6DC7E350AF33}.Debug|Any CPU.Build.0 = Debug|Any CPU
		{B8397165-479C-4A86-8563-6DC7E350AF33}.Release|Any CPU.ActiveCfg = Release|Any CPU
		{B8397165-479C-4A86-8563-6DC7E350AF33}.Release|Any CPU.Build.0 = Release|Any CPU
	EndGlobalSection
	GlobalSection(SolutionProperties) = preSolution
		HideSolutionNode = FALSE
	EndGlobalSection
	GlobalSection(ExtensibilityGlobals) = postSolution
		SolutionGuid = {EB5EBFD5-CF6F-461E-AE29-61B822F0BBF9}
	EndGlobalSection
EndGlobal
