
Microsoft Visual Studio Solution File, Format Version 12.00
# Visual Studio Version 16
VisualStudioVersion = 16.0.29709.97
MinimumVisualStudioVersion = 10.0.40219.1
Project("{FAE04EC0-301F-11D3-BF4B-00C04F79EFBC}") = "Collection", "Collection\Collection.csproj", "{0208715D-D75A-4813-8563-A674018662B3}"
EndProject
Global
	GlobalSection(SolutionConfigurationPlatforms) = preSolution
		Debug|Any CPU = Debug|Any CPU
		Release|Any CPU = Release|Any CPU
	EndGlobalSection
	GlobalSection(ProjectConfigurationPlatforms) = postSolution
		{0208715D-D75A-4813-8563-A674018662B3}.Debug|Any CPU.ActiveCfg = Debug|Any CPU
		{0208715D-D75A-4813-8563-A674018662B3}.Debug|Any CPU.Build.0 = Debug|Any CPU
		{0208715D-D75A-4813-8563-A674018662B3}.Release|Any CPU.ActiveCfg = Release|Any CPU
		{0208715D-D75A-4813-8563-A674018662B3}.Release|Any CPU.Build.0 = Release|Any CPU
	EndGlobalSection
	GlobalSection(SolutionProperties) = preSolution
		HideSolutionNode = FALSE
	EndGlobalSection
	GlobalSection(ExtensibilityGlobals) = postSolution
		SolutionGuid = {5725512E-B16A-48F2-9C77-C0D9566379B3}
	EndGlobalSection
EndGlobal
