
Microsoft Visual Studio Solution File, Format Version 12.00
# Visual Studio 15
VisualStudioVersion = 15.0.28010.2036
MinimumVisualStudioVersion = 10.0.40219.1
Project("{FAE04EC0-301F-11D3-BF4B-00C04F79EFBC}") = "Train The Trainers", "Train The Trainers\Train The Trainers.csproj", "{991C52B0-0DB9-4428-9C43-EF98A0B8FCC9}"
EndProject
Global
	GlobalSection(SolutionConfigurationPlatforms) = preSolution
		Debug|Any CPU = Debug|Any CPU
		Release|Any CPU = Release|Any CPU
	EndGlobalSection
	GlobalSection(ProjectConfigurationPlatforms) = postSolution
		{991C52B0-0DB9-4428-9C43-EF98A0B8FCC9}.Debug|Any CPU.ActiveCfg = Debug|Any CPU
		{991C52B0-0DB9-4428-9C43-EF98A0B8FCC9}.Debug|Any CPU.Build.0 = Debug|Any CPU
		{991C52B0-0DB9-4428-9C43-EF98A0B8FCC9}.Release|Any CPU.ActiveCfg = Release|Any CPU
		{991C52B0-0DB9-4428-9C43-EF98A0B8FCC9}.Release|Any CPU.Build.0 = Release|Any CPU
	EndGlobalSection
	GlobalSection(SolutionProperties) = preSolution
		HideSolutionNode = FALSE
	EndGlobalSection
	GlobalSection(ExtensibilityGlobals) = postSolution
		SolutionGuid = {4DACCD46-E889-4057-8A18-288579E9213C}
	EndGlobalSection
EndGlobal
