
Microsoft Visual Studio Solution File, Format Version 12.00
# Visual Studio 15
VisualStudioVersion = 15.0.28307.852
MinimumVisualStudioVersion = 10.0.40219.1
Project("{FAE04EC0-301F-11D3-BF4B-00C04F79EFBC}") = "Metric Converter", "Metric Converter\Metric Converter.csproj", "{07A93090-1B2A-4FE4-82BB-410766E4DA32}"
EndProject
Global
	GlobalSection(SolutionConfigurationPlatforms) = preSolution
		Debug|Any CPU = Debug|Any CPU
		Release|Any CPU = Release|Any CPU
	EndGlobalSection
	GlobalSection(ProjectConfigurationPlatforms) = postSolution
		{07A93090-1B2A-4FE4-82BB-410766E4DA32}.Debug|Any CPU.ActiveCfg = Debug|Any CPU
		{07A93090-1B2A-4FE4-82BB-410766E4DA32}.Debug|Any CPU.Build.0 = Debug|Any CPU
		{07A93090-1B2A-4FE4-82BB-410766E4DA32}.Release|Any CPU.ActiveCfg = Release|Any CPU
		{07A93090-1B2A-4FE4-82BB-410766E4DA32}.Release|Any CPU.Build.0 = Release|Any CPU
	EndGlobalSection
	GlobalSection(SolutionProperties) = preSolution
		HideSolutionNode = FALSE
	EndGlobalSection
	GlobalSection(ExtensibilityGlobals) = postSolution
		SolutionGuid = {AEDF5079-31AF-4AE0-A77A-8766E4FBB5BA}
	EndGlobalSection
EndGlobal
