
Microsoft Visual Studio Solution File, Format Version 12.00
# Visual Studio Version 16
VisualStudioVersion = 16.0.29411.108
MinimumVisualStudioVersion = 10.0.40219.1
Project("{FAE04EC0-301F-11D3-BF4B-00C04F79EFBC}") = "Inbox Manager", "Inbox Manager\Inbox Manager.csproj", "{004C7ADC-9FD1-43E7-9DD2-12CC83975A57}"
EndProject
Global
	GlobalSection(SolutionConfigurationPlatforms) = preSolution
		Debug|Any CPU = Debug|Any CPU
		Release|Any CPU = Release|Any CPU
	EndGlobalSection
	GlobalSection(ProjectConfigurationPlatforms) = postSolution
		{004C7ADC-9FD1-43E7-9DD2-12CC83975A57}.Debug|Any CPU.ActiveCfg = Debug|Any CPU
		{004C7ADC-9FD1-43E7-9DD2-12CC83975A57}.Debug|Any CPU.Build.0 = Debug|Any CPU
		{004C7ADC-9FD1-43E7-9DD2-12CC83975A57}.Release|Any CPU.ActiveCfg = Release|Any CPU
		{004C7ADC-9FD1-43E7-9DD2-12CC83975A57}.Release|Any CPU.Build.0 = Release|Any CPU
	EndGlobalSection
	GlobalSection(SolutionProperties) = preSolution
		HideSolutionNode = FALSE
	EndGlobalSection
	GlobalSection(ExtensibilityGlobals) = postSolution
		SolutionGuid = {4B149121-9286-4D77-BF25-56AFC9C85B7D}
	EndGlobalSection
EndGlobal
