
Microsoft Visual Studio Solution File, Format Version 12.00
# Visual Studio 15
VisualStudioVersion = 15.0.28010.2036
MinimumVisualStudioVersion = 10.0.40219.1
Project("{FAE04EC0-301F-11D3-BF4B-00C04F79EFBC}") = "Coins", "Coins\Coins.csproj", "{18CBC62B-3E0E-4818-8148-95AF3C37ABDB}"
EndProject
Global
	GlobalSection(SolutionConfigurationPlatforms) = preSolution
		Debug|Any CPU = Debug|Any CPU
		Release|Any CPU = Release|Any CPU
	EndGlobalSection
	GlobalSection(ProjectConfigurationPlatforms) = postSolution
		{18CBC62B-3E0E-4818-8148-95AF3C37ABDB}.Debug|Any CPU.ActiveCfg = Debug|Any CPU
		{18CBC62B-3E0E-4818-8148-95AF3C37ABDB}.Debug|Any CPU.Build.0 = Debug|Any CPU
		{18CBC62B-3E0E-4818-8148-95AF3C37ABDB}.Release|Any CPU.ActiveCfg = Release|Any CPU
		{18CBC62B-3E0E-4818-8148-95AF3C37ABDB}.Release|Any CPU.Build.0 = Release|Any CPU
	EndGlobalSection
	GlobalSection(SolutionProperties) = preSolution
		HideSolutionNode = FALSE
	EndGlobalSection
	GlobalSection(ExtensibilityGlobals) = postSolution
		SolutionGuid = {1886CF23-7324-4D5A-868E-12B7CA2406FA}
	EndGlobalSection
EndGlobal
