
Microsoft Visual Studio Solution File, Format Version 12.00
# Visual Studio Version 16
VisualStudioVersion = 16.0.29709.97
MinimumVisualStudioVersion = 10.0.40219.1
Project("{FAE04EC0-301F-11D3-BF4B-00C04F79EFBC}") = "ClassBoxData", "ClassBoxData\ClassBoxData.csproj", "{03584E4B-030B-45A7-A346-E9CDDE7AD627}"
EndProject
Global
	GlobalSection(SolutionConfigurationPlatforms) = preSolution
		Debug|Any CPU = Debug|Any CPU
		Release|Any CPU = Release|Any CPU
	EndGlobalSection
	GlobalSection(ProjectConfigurationPlatforms) = postSolution
		{03584E4B-030B-45A7-A346-E9CDDE7AD627}.Debug|Any CPU.ActiveCfg = Debug|Any CPU
		{03584E4B-030B-45A7-A346-E9CDDE7AD627}.Debug|Any CPU.Build.0 = Debug|Any CPU
		{03584E4B-030B-45A7-A346-E9CDDE7AD627}.Release|Any CPU.ActiveCfg = Release|Any CPU
		{03584E4B-030B-45A7-A346-E9CDDE7AD627}.Release|Any CPU.Build.0 = Release|Any CPU
	EndGlobalSection
	GlobalSection(SolutionProperties) = preSolution
		HideSolutionNode = FALSE
	EndGlobalSection
	GlobalSection(ExtensibilityGlobals) = postSolution
		SolutionGuid = {B83744C2-4333-419F-9F5F-15C977EE1A08}
	EndGlobalSection
EndGlobal
