
Microsoft Visual Studio Solution File, Format Version 12.00
# Visual Studio 15
VisualStudioVersion = 15.0.28307.852
MinimumVisualStudioVersion = 10.0.40219.1
Project("{FAE04EC0-301F-11D3-BF4B-00C04F79EFBC}") = "Time + 15 Minutes", "Time + 15 Minutes\Time + 15 Minutes.csproj", "{38479571-2C10-4755-A9EF-B47C2196D3C3}"
EndProject
Global
	GlobalSection(SolutionConfigurationPlatforms) = preSolution
		Debug|Any CPU = Debug|Any CPU
		Release|Any CPU = Release|Any CPU
	EndGlobalSection
	GlobalSection(ProjectConfigurationPlatforms) = postSolution
		{38479571-2C10-4755-A9EF-B47C2196D3C3}.Debug|Any CPU.ActiveCfg = Debug|Any CPU
		{38479571-2C10-4755-A9EF-B47C2196D3C3}.Debug|Any CPU.Build.0 = Debug|Any CPU
		{38479571-2C10-4755-A9EF-B47C2196D3C3}.Release|Any CPU.ActiveCfg = Release|Any CPU
		{38479571-2C10-4755-A9EF-B47C2196D3C3}.Release|Any CPU.Build.0 = Release|Any CPU
	EndGlobalSection
	GlobalSection(SolutionProperties) = preSolution
		HideSolutionNode = FALSE
	EndGlobalSection
	GlobalSection(ExtensibilityGlobals) = postSolution
		SolutionGuid = {30B4A1D8-8105-4409-A238-B057B71AD7C7}
	EndGlobalSection
EndGlobal
