
Microsoft Visual Studio Solution File, Format Version 12.00
# Visual Studio Version 16
VisualStudioVersion = 16.0.30225.117
MinimumVisualStudioVersion = 10.0.40219.1
Project("{FAE04EC0-301F-11D3-BF4B-00C04F79EFBC}") = "P03_SalesDatabase", "P03_SalesDatabase\P03_SalesDatabase.csproj", "{F20C92E7-CECC-4745-9012-7F9363171FE1}"
EndProject
Global
	GlobalSection(SolutionConfigurationPlatforms) = preSolution
		Debug|Any CPU = Debug|Any CPU
		Release|Any CPU = Release|Any CPU
	EndGlobalSection
	GlobalSection(ProjectConfigurationPlatforms) = postSolution
		{F20C92E7-CECC-4745-9012-7F9363171FE1}.Debug|Any CPU.ActiveCfg = Debug|Any CPU
		{F20C92E7-CECC-4745-9012-7F9363171FE1}.Debug|Any CPU.Build.0 = Debug|Any CPU
		{F20C92E7-CECC-4745-9012-7F9363171FE1}.Release|Any CPU.ActiveCfg = Release|Any CPU
		{F20C92E7-CECC-4745-9012-7F9363171FE1}.Release|Any CPU.Build.0 = Release|Any CPU
	EndGlobalSection
	GlobalSection(SolutionProperties) = preSolution
		HideSolutionNode = FALSE
	EndGlobalSection
	GlobalSection(ExtensibilityGlobals) = postSolution
		SolutionGuid = {9C9CCD02-937E-4D90-AD88-91C906D60D6E}
	EndGlobalSection
EndGlobal
