
Microsoft Visual Studio Solution File, Format Version 12.00
# Visual Studio Version 16
VisualStudioVersion = 16.0.29709.97
MinimumVisualStudioVersion = 10.0.40219.1
Project("{FAE04EC0-301F-11D3-BF4B-00C04F79EFBC}") = "EqualityLogic", "EqualityLogic\EqualityLogic.csproj", "{40B2CE59-E650-4BB7-BE99-764A3D234580}"
EndProject
Global
	GlobalSection(SolutionConfigurationPlatforms) = preSolution
		Debug|Any CPU = Debug|Any CPU
		Release|Any CPU = Release|Any CPU
	EndGlobalSection
	GlobalSection(ProjectConfigurationPlatforms) = postSolution
		{40B2CE59-E650-4BB7-BE99-764A3D234580}.Debug|Any CPU.ActiveCfg = Debug|Any CPU
		{40B2CE59-E650-4BB7-BE99-764A3D234580}.Debug|Any CPU.Build.0 = Debug|Any CPU
		{40B2CE59-E650-4BB7-BE99-764A3D234580}.Release|Any CPU.ActiveCfg = Release|Any CPU
		{40B2CE59-E650-4BB7-BE99-764A3D234580}.Release|Any CPU.Build.0 = Release|Any CPU
	EndGlobalSection
	GlobalSection(SolutionProperties) = preSolution
		HideSolutionNode = FALSE
	EndGlobalSection
	GlobalSection(ExtensibilityGlobals) = postSolution
		SolutionGuid = {4E5296B2-DA32-4672-B999-5D986812308C}
	EndGlobalSection
EndGlobal
