
Microsoft Visual Studio Solution File, Format Version 12.00
# Visual Studio Version 16
VisualStudioVersion = 16.0.29306.81
MinimumVisualStudioVersion = 10.0.40219.1
Project("{FAE04EC0-301F-11D3-BF4B-00C04F79EFBC}") = "Vowels Count", "Vowels Count\Vowels Count.csproj", "{E7D8EAF7-3CAC-4410-8491-9C814131D5E9}"
EndProject
Global
	GlobalSection(SolutionConfigurationPlatforms) = preSolution
		Debug|Any CPU = Debug|Any CPU
		Release|Any CPU = Release|Any CPU
	EndGlobalSection
	GlobalSection(ProjectConfigurationPlatforms) = postSolution
		{E7D8EAF7-3CAC-4410-8491-9C814131D5E9}.Debug|Any CPU.ActiveCfg = Debug|Any CPU
		{E7D8EAF7-3CAC-4410-8491-9C814131D5E9}.Debug|Any CPU.Build.0 = Debug|Any CPU
		{E7D8EAF7-3CAC-4410-8491-9C814131D5E9}.Release|Any CPU.ActiveCfg = Release|Any CPU
		{E7D8EAF7-3CAC-4410-8491-9C814131D5E9}.Release|Any CPU.Build.0 = Release|Any CPU
	EndGlobalSection
	GlobalSection(SolutionProperties) = preSolution
		HideSolutionNode = FALSE
	EndGlobalSection
	GlobalSection(ExtensibilityGlobals) = postSolution
		SolutionGuid = {E120EA11-A192-4915-9AA3-CB585AB08730}
	EndGlobalSection
EndGlobal
