
Microsoft Visual Studio Solution File, Format Version 12.00
# Visual Studio 15
VisualStudioVersion = 15.0.28010.2036
MinimumVisualStudioVersion = 10.0.40219.1
Project("{FAE04EC0-301F-11D3-BF4B-00C04F79EFBC}") = "Summer Outfit", "Summer Outfit\Summer Outfit.csproj", "{711B8AD4-2C08-4038-8B2A-BCD3506EA7EA}"
EndProject
Global
	GlobalSection(SolutionConfigurationPlatforms) = preSolution
		Debug|Any CPU = Debug|Any CPU
		Release|Any CPU = Release|Any CPU
	EndGlobalSection
	GlobalSection(ProjectConfigurationPlatforms) = postSolution
		{711B8AD4-2C08-4038-8B2A-BCD3506EA7EA}.Debug|Any CPU.ActiveCfg = Debug|Any CPU
		{711B8AD4-2C08-4038-8B2A-BCD3506EA7EA}.Debug|Any CPU.Build.0 = Debug|Any CPU
		{711B8AD4-2C08-4038-8B2A-BCD3506EA7EA}.Release|Any CPU.ActiveCfg = Release|Any CPU
		{711B8AD4-2C08-4038-8B2A-BCD3506EA7EA}.Release|Any CPU.Build.0 = Release|Any CPU
	EndGlobalSection
	GlobalSection(SolutionProperties) = preSolution
		HideSolutionNode = FALSE
	EndGlobalSection
	GlobalSection(ExtensibilityGlobals) = postSolution
		SolutionGuid = {A202D218-AA85-435A-8233-5B1C5A825798}
	EndGlobalSection
EndGlobal
