
Microsoft Visual Studio Solution File, Format Version 12.00
# Visual Studio Version 16
VisualStudioVersion = 16.0.29306.81
MinimumVisualStudioVersion = 10.0.40219.1
Project("{FAE04EC0-301F-11D3-BF4B-00C04F79EFBC}") = "Elevator", "Elevator\Elevator.csproj", "{3014DE8E-ACE1-4A90-BD57-D18FE5C7696B}"
EndProject
Global
	GlobalSection(SolutionConfigurationPlatforms) = preSolution
		Debug|Any CPU = Debug|Any CPU
		Release|Any CPU = Release|Any CPU
	EndGlobalSection
	GlobalSection(ProjectConfigurationPlatforms) = postSolution
		{3014DE8E-ACE1-4A90-BD57-D18FE5C7696B}.Debug|Any CPU.ActiveCfg = Debug|Any CPU
		{3014DE8E-ACE1-4A90-BD57-D18FE5C7696B}.Debug|Any CPU.Build.0 = Debug|Any CPU
		{3014DE8E-ACE1-4A90-BD57-D18FE5C7696B}.Release|Any CPU.ActiveCfg = Release|Any CPU
		{3014DE8E-ACE1-4A90-BD57-D18FE5C7696B}.Release|Any CPU.Build.0 = Release|Any CPU
	EndGlobalSection
	GlobalSection(SolutionProperties) = preSolution
		HideSolutionNode = FALSE
	EndGlobalSection
	GlobalSection(ExtensibilityGlobals) = postSolution
		SolutionGuid = {990755CA-FF74-4A30-B849-77214407219A}
	EndGlobalSection
EndGlobal
