
Microsoft Visual Studio Solution File, Format Version 12.00
# Visual Studio 15
VisualStudioVersion = 15.0.28307.852
MinimumVisualStudioVersion = 10.0.40219.1
Project("{FAE04EC0-301F-11D3-BF4B-00C04F79EFBC}") = "Top Integers", "Top Integers\Top Integers.csproj", "{F79BFC1F-8227-4687-A77C-0C5F13155E80}"
EndProject
Global
	GlobalSection(SolutionConfigurationPlatforms) = preSolution
		Debug|Any CPU = Debug|Any CPU
		Release|Any CPU = Release|Any CPU
	EndGlobalSection
	GlobalSection(ProjectConfigurationPlatforms) = postSolution
		{F79BFC1F-8227-4687-A77C-0C5F13155E80}.Debug|Any CPU.ActiveCfg = Debug|Any CPU
		{F79BFC1F-8227-4687-A77C-0C5F13155E80}.Debug|Any CPU.Build.0 = Debug|Any CPU
		{F79BFC1F-8227-4687-A77C-0C5F13155E80}.Release|Any CPU.ActiveCfg = Release|Any CPU
		{F79BFC1F-8227-4687-A77C-0C5F13155E80}.Release|Any CPU.Build.0 = Release|Any CPU
	EndGlobalSection
	GlobalSection(SolutionProperties) = preSolution
		HideSolutionNode = FALSE
	EndGlobalSection
	GlobalSection(ExtensibilityGlobals) = postSolution
		SolutionGuid = {868CD7F0-6740-428C-9D8D-1F8C4E7CA733}
	EndGlobalSection
EndGlobal
