
Microsoft Visual Studio Solution File, Format Version 12.00
# Visual Studio Version 16
VisualStudioVersion = 16.0.29709.97
MinimumVisualStudioVersion = 10.0.40219.1
Project("{FAE04EC0-301F-11D3-BF4B-00C04F79EFBC}") = "Unique Usernames", "Unique Usernames\Unique Usernames.csproj", "{0643A0D7-0EB7-49AA-91C1-E70EEE16CAD4}"
EndProject
Global
	GlobalSection(SolutionConfigurationPlatforms) = preSolution
		Debug|Any CPU = Debug|Any CPU
		Release|Any CPU = Release|Any CPU
	EndGlobalSection
	GlobalSection(ProjectConfigurationPlatforms) = postSolution
		{0643A0D7-0EB7-49AA-91C1-E70EEE16CAD4}.Debug|Any CPU.ActiveCfg = Debug|Any CPU
		{0643A0D7-0EB7-49AA-91C1-E70EEE16CAD4}.Debug|Any CPU.Build.0 = Debug|Any CPU
		{0643A0D7-0EB7-49AA-91C1-E70EEE16CAD4}.Release|Any CPU.ActiveCfg = Release|Any CPU
		{0643A0D7-0EB7-49AA-91C1-E70EEE16CAD4}.Release|Any CPU.Build.0 = Release|Any CPU
	EndGlobalSection
	GlobalSection(SolutionProperties) = preSolution
		HideSolutionNode = FALSE
	EndGlobalSection
	GlobalSection(ExtensibilityGlobals) = postSolution
		SolutionGuid = {8FBE6558-F002-4733-A1A9-F056463AEC92}
	EndGlobalSection
EndGlobal
