
Microsoft Visual Studio Solution File, Format Version 12.00
# Visual Studio Version 16
VisualStudioVersion = 16.0.29411.108
MinimumVisualStudioVersion = 10.0.40219.1
Project("{FAE04EC0-301F-11D3-BF4B-00C04F79EFBC}") = "Biscuits Factory", "Biscuits Factory\Biscuits Factory.csproj", "{8F80CAAD-66AE-40A2-AFDD-772DB05D12EA}"
EndProject
Global
	GlobalSection(SolutionConfigurationPlatforms) = preSolution
		Debug|Any CPU = Debug|Any CPU
		Release|Any CPU = Release|Any CPU
	EndGlobalSection
	GlobalSection(ProjectConfigurationPlatforms) = postSolution
		{8F80CAAD-66AE-40A2-AFDD-772DB05D12EA}.Debug|Any CPU.ActiveCfg = Debug|Any CPU
		{8F80CAAD-66AE-40A2-AFDD-772DB05D12EA}.Debug|Any CPU.Build.0 = Debug|Any CPU
		{8F80CAAD-66AE-40A2-AFDD-772DB05D12EA}.Release|Any CPU.ActiveCfg = Release|Any CPU
		{8F80CAAD-66AE-40A2-AFDD-772DB05D12EA}.Release|Any CPU.Build.0 = Release|Any CPU
	EndGlobalSection
	GlobalSection(SolutionProperties) = preSolution
		HideSolutionNode = FALSE
	EndGlobalSection
	GlobalSection(ExtensibilityGlobals) = postSolution
		SolutionGuid = {11078469-1BA8-43ED-9984-06EC95F84479}
	EndGlobalSection
EndGlobal
