
Microsoft Visual Studio Solution File, Format Version 12.00
# Visual Studio Version 16
VisualStudioVersion = 16.0.29411.108
MinimumVisualStudioVersion = 10.0.40219.1
Project("{FAE04EC0-301F-11D3-BF4B-00C04F79EFBC}") = "Battle Manager whit class", "Battle Manager whit class\Battle Manager whit class.csproj", "{2CDC968C-82D8-40B0-8EC1-7993CD829741}"
EndProject
Global
	GlobalSection(SolutionConfigurationPlatforms) = preSolution
		Debug|Any CPU = Debug|Any CPU
		Release|Any CPU = Release|Any CPU
	EndGlobalSection
	GlobalSection(ProjectConfigurationPlatforms) = postSolution
		{2CDC968C-82D8-40B0-8EC1-7993CD829741}.Debug|Any CPU.ActiveCfg = Debug|Any CPU
		{2CDC968C-82D8-40B0-8EC1-7993CD829741}.Debug|Any CPU.Build.0 = Debug|Any CPU
		{2CDC968C-82D8-40B0-8EC1-7993CD829741}.Release|Any CPU.ActiveCfg = Release|Any CPU
		{2CDC968C-82D8-40B0-8EC1-7993CD829741}.Release|Any CPU.Build.0 = Release|Any CPU
	EndGlobalSection
	GlobalSection(SolutionProperties) = preSolution
		HideSolutionNode = FALSE
	EndGlobalSection
	GlobalSection(ExtensibilityGlobals) = postSolution
		SolutionGuid = {8028B537-893E-43BC-92C0-A40F9773FA0E}
	EndGlobalSection
EndGlobal
