
Microsoft Visual Studio Solution File, Format Version 12.00
# Visual Studio 15
VisualStudioVersion = 15.0.28307.852
MinimumVisualStudioVersion = 10.0.40219.1
Project("{FAE04EC0-301F-11D3-BF4B-00C04F79EFBC}") = "Spring Vacation Trip", "Spring Vacation Trip\Spring Vacation Trip.csproj", "{23E4DABD-B8FE-4558-A2F7-4A1653854448}"
EndProject
Global
	GlobalSection(SolutionConfigurationPlatforms) = preSolution
		Debug|Any CPU = Debug|Any CPU
		Release|Any CPU = Release|Any CPU
	EndGlobalSection
	GlobalSection(ProjectConfigurationPlatforms) = postSolution
		{23E4DABD-B8FE-4558-A2F7-4A1653854448}.Debug|Any CPU.ActiveCfg = Debug|Any CPU
		{23E4DABD-B8FE-4558-A2F7-4A1653854448}.Debug|Any CPU.Build.0 = Debug|Any CPU
		{23E4DABD-B8FE-4558-A2F7-4A1653854448}.Release|Any CPU.ActiveCfg = Release|Any CPU
		{23E4DABD-B8FE-4558-A2F7-4A1653854448}.Release|Any CPU.Build.0 = Release|Any CPU
	EndGlobalSection
	GlobalSection(SolutionProperties) = preSolution
		HideSolutionNode = FALSE
	EndGlobalSection
	GlobalSection(ExtensibilityGlobals) = postSolution
		SolutionGuid = {99C8C4D9-1C4D-49D5-B300-9D6C344E6E2C}
	EndGlobalSection
EndGlobal
