
Microsoft Visual Studio Solution File, Format Version 12.00
# Visual Studio Version 16
VisualStudioVersion = 16.0.29306.81
MinimumVisualStudioVersion = 10.0.40219.1
Project("{FAE04EC0-301F-11D3-BF4B-00C04F79EFBC}") = "Characters in Range", "Characters in Range\Characters in Range.csproj", "{CD01FAD1-AA57-4560-9DD3-0A17D1E315F2}"
EndProject
Global
	GlobalSection(SolutionConfigurationPlatforms) = preSolution
		Debug|Any CPU = Debug|Any CPU
		Release|Any CPU = Release|Any CPU
	EndGlobalSection
	GlobalSection(ProjectConfigurationPlatforms) = postSolution
		{CD01FAD1-AA57-4560-9DD3-0A17D1E315F2}.Debug|Any CPU.ActiveCfg = Debug|Any CPU
		{CD01FAD1-AA57-4560-9DD3-0A17D1E315F2}.Debug|Any CPU.Build.0 = Debug|Any CPU
		{CD01FAD1-AA57-4560-9DD3-0A17D1E315F2}.Release|Any CPU.ActiveCfg = Release|Any CPU
		{CD01FAD1-AA57-4560-9DD3-0A17D1E315F2}.Release|Any CPU.Build.0 = Release|Any CPU
	EndGlobalSection
	GlobalSection(SolutionProperties) = preSolution
		HideSolutionNode = FALSE
	EndGlobalSection
	GlobalSection(ExtensibilityGlobals) = postSolution
		SolutionGuid = {5CB1A7D8-41E6-4D6A-A63B-2C4315B22213}
	EndGlobalSection
EndGlobal
