
Microsoft Visual Studio Solution File, Format Version 12.00
# Visual Studio Version 16
VisualStudioVersion = 16.0.29709.97
MinimumVisualStudioVersion = 10.0.40219.1
Project("{FAE04EC0-301F-11D3-BF4B-00C04F79EFBC}") = "CarSalesman", "CarSalesman\CarSalesman.csproj", "{4184B7FB-9573-4029-9A40-13A9088C6C8F}"
EndProject
Global
	GlobalSection(SolutionConfigurationPlatforms) = preSolution
		Debug|Any CPU = Debug|Any CPU
		Release|Any CPU = Release|Any CPU
	EndGlobalSection
	GlobalSection(ProjectConfigurationPlatforms) = postSolution
		{4184B7FB-9573-4029-9A40-13A9088C6C8F}.Debug|Any CPU.ActiveCfg = Debug|Any CPU
		{4184B7FB-9573-4029-9A40-13A9088C6C8F}.Debug|Any CPU.Build.0 = Debug|Any CPU
		{4184B7FB-9573-4029-9A40-13A9088C6C8F}.Release|Any CPU.ActiveCfg = Release|Any CPU
		{4184B7FB-9573-4029-9A40-13A9088C6C8F}.Release|Any CPU.Build.0 = Release|Any CPU
	EndGlobalSection
	GlobalSection(SolutionProperties) = preSolution
		HideSolutionNode = FALSE
	EndGlobalSection
	GlobalSection(ExtensibilityGlobals) = postSolution
		SolutionGuid = {666C01C4-7F33-475D-B0C3-553C482B38AA}
	EndGlobalSection
EndGlobal
