
Microsoft Visual Studio Solution File, Format Version 12.00
# Visual Studio Version 16
VisualStudioVersion = 16.0.29409.12
MinimumVisualStudioVersion = 10.0.40219.1
Project("{FAE04EC0-301F-11D3-BF4B-00C04F79EFBC}") = "SoftUni Course Planning", "SoftUni Course Planning\SoftUni Course Planning.csproj", "{D515F840-364E-492D-AE0E-EC56C1E933CF}"
EndProject
Global
	GlobalSection(SolutionConfigurationPlatforms) = preSolution
		Debug|Any CPU = Debug|Any CPU
		Release|Any CPU = Release|Any CPU
	EndGlobalSection
	GlobalSection(ProjectConfigurationPlatforms) = postSolution
		{D515F840-364E-492D-AE0E-EC56C1E933CF}.Debug|Any CPU.ActiveCfg = Debug|Any CPU
		{D515F840-364E-492D-AE0E-EC56C1E933CF}.Debug|Any CPU.Build.0 = Debug|Any CPU
		{D515F840-364E-492D-AE0E-EC56C1E933CF}.Release|Any CPU.ActiveCfg = Release|Any CPU
		{D515F840-364E-492D-AE0E-EC56C1E933CF}.Release|Any CPU.Build.0 = Release|Any CPU
	EndGlobalSection
	GlobalSection(SolutionProperties) = preSolution
		HideSolutionNode = FALSE
	EndGlobalSection
	GlobalSection(ExtensibilityGlobals) = postSolution
		SolutionGuid = {2D91C8EB-5E36-4F03-B885-5F4C012C4D73}
	EndGlobalSection
EndGlobal
