
Microsoft Visual Studio Solution File, Format Version 12.00
# Visual Studio 15
VisualStudioVersion = 15.0.28307.852
MinimumVisualStudioVersion = 10.0.40219.1
Project("{FAE04EC0-301F-11D3-BF4B-00C04F79EFBC}") = "Number Array", "Number Array\Number Array.csproj", "{FAFD1A03-BEC1-4172-95F4-0D6236098258}"
EndProject
Global
	GlobalSection(SolutionConfigurationPlatforms) = preSolution
		Debug|Any CPU = Debug|Any CPU
		Release|Any CPU = Release|Any CPU
	EndGlobalSection
	GlobalSection(ProjectConfigurationPlatforms) = postSolution
		{FAFD1A03-BEC1-4172-95F4-0D6236098258}.Debug|Any CPU.ActiveCfg = Debug|Any CPU
		{FAFD1A03-BEC1-4172-95F4-0D6236098258}.Debug|Any CPU.Build.0 = Debug|Any CPU
		{FAFD1A03-BEC1-4172-95F4-0D6236098258}.Release|Any CPU.ActiveCfg = Release|Any CPU
		{FAFD1A03-BEC1-4172-95F4-0D6236098258}.Release|Any CPU.Build.0 = Release|Any CPU
	EndGlobalSection
	GlobalSection(SolutionProperties) = preSolution
		HideSolutionNode = FALSE
	EndGlobalSection
	GlobalSection(ExtensibilityGlobals) = postSolution
		SolutionGuid = {48F1DC4F-5F59-4707-9063-85F89ED25610}
	EndGlobalSection
EndGlobal
