
Microsoft Visual Studio Solution File, Format Version 12.00
# Visual Studio Version 16
VisualStudioVersion = 16.0.29411.108
MinimumVisualStudioVersion = 10.0.40219.1
Project("{FAE04EC0-301F-11D3-BF4B-00C04F79EFBC}") = "Furniture", "Furniture\Furniture.csproj", "{A3C6F9FC-D262-48A5-ABCE-6346B6D04178}"
EndProject
Global
	GlobalSection(SolutionConfigurationPlatforms) = preSolution
		Debug|Any CPU = Debug|Any CPU
		Release|Any CPU = Release|Any CPU
	EndGlobalSection
	GlobalSection(ProjectConfigurationPlatforms) = postSolution
		{A3C6F9FC-D262-48A5-ABCE-6346B6D04178}.Debug|Any CPU.ActiveCfg = Debug|Any CPU
		{A3C6F9FC-D262-48A5-ABCE-6346B6D04178}.Debug|Any CPU.Build.0 = Debug|Any CPU
		{A3C6F9FC-D262-48A5-ABCE-6346B6D04178}.Release|Any CPU.ActiveCfg = Release|Any CPU
		{A3C6F9FC-D262-48A5-ABCE-6346B6D04178}.Release|Any CPU.Build.0 = Release|Any CPU
	EndGlobalSection
	GlobalSection(SolutionProperties) = preSolution
		HideSolutionNode = FALSE
	EndGlobalSection
	GlobalSection(ExtensibilityGlobals) = postSolution
		SolutionGuid = {63C64056-9680-4F18-B71D-996BFF30E93D}
	EndGlobalSection
EndGlobal
