
Microsoft Visual Studio Solution File, Format Version 12.00
# Visual Studio Version 16
VisualStudioVersion = 16.0.29411.108
MinimumVisualStudioVersion = 10.0.40219.1
Project("{FAE04EC0-301F-11D3-BF4B-00C04F79EFBC}") = "Password2", "Password2\Password2.csproj", "{FCD69AB5-685E-4632-B737-CBA899411023}"
EndProject
Global
	GlobalSection(SolutionConfigurationPlatforms) = preSolution
		Debug|Any CPU = Debug|Any CPU
		Release|Any CPU = Release|Any CPU
	EndGlobalSection
	GlobalSection(ProjectConfigurationPlatforms) = postSolution
		{FCD69AB5-685E-4632-B737-CBA899411023}.Debug|Any CPU.ActiveCfg = Debug|Any CPU
		{FCD69AB5-685E-4632-B737-CBA899411023}.Debug|Any CPU.Build.0 = Debug|Any CPU
		{FCD69AB5-685E-4632-B737-CBA899411023}.Release|Any CPU.ActiveCfg = Release|Any CPU
		{FCD69AB5-685E-4632-B737-CBA899411023}.Release|Any CPU.Build.0 = Release|Any CPU
	EndGlobalSection
	GlobalSection(SolutionProperties) = preSolution
		HideSolutionNode = FALSE
	EndGlobalSection
	GlobalSection(ExtensibilityGlobals) = postSolution
		SolutionGuid = {AB2E62E5-FA69-46AB-83AD-71840A2135A5}
	EndGlobalSection
EndGlobal
