
Microsoft Visual Studio Solution File, Format Version 12.00
# Visual Studio Version 16
VisualStudioVersion = 16.0.29709.97
MinimumVisualStudioVersion = 10.0.40219.1
Project("{FAE04EC0-301F-11D3-BF4B-00C04F79EFBC}") = "The V-Logger", "The V-Logger\The V-Logger.csproj", "{434B92CE-3EDA-49EB-B639-9ADC58F8E7C6}"
EndProject
Global
	GlobalSection(SolutionConfigurationPlatforms) = preSolution
		Debug|Any CPU = Debug|Any CPU
		Release|Any CPU = Release|Any CPU
	EndGlobalSection
	GlobalSection(ProjectConfigurationPlatforms) = postSolution
		{434B92CE-3EDA-49EB-B639-9ADC58F8E7C6}.Debug|Any CPU.ActiveCfg = Debug|Any CPU
		{434B92CE-3EDA-49EB-B639-9ADC58F8E7C6}.Debug|Any CPU.Build.0 = Debug|Any CPU
		{434B92CE-3EDA-49EB-B639-9ADC58F8E7C6}.Release|Any CPU.ActiveCfg = Release|Any CPU
		{434B92CE-3EDA-49EB-B639-9ADC58F8E7C6}.Release|Any CPU.Build.0 = Release|Any CPU
	EndGlobalSection
	GlobalSection(SolutionProperties) = preSolution
		HideSolutionNode = FALSE
	EndGlobalSection
	GlobalSection(ExtensibilityGlobals) = postSolution
		SolutionGuid = {C709D0DD-A0E3-42CC-A593-A9FADCA53633}
	EndGlobalSection
EndGlobal
