
Microsoft Visual Studio Solution File, Format Version 12.00
# Visual Studio 15
VisualStudioVersion = 15.0.28010.2036
MinimumVisualStudioVersion = 10.0.40219.1
Project("{FAE04EC0-301F-11D3-BF4B-00C04F79EFBC}") = "World Swimming Record", "World Swimming Record\World Swimming Record.csproj", "{1529ACFB-E4E3-491F-A431-8DEFCC8D907B}"
EndProject
Global
	GlobalSection(SolutionConfigurationPlatforms) = preSolution
		Debug|Any CPU = Debug|Any CPU
		Release|Any CPU = Release|Any CPU
	EndGlobalSection
	GlobalSection(ProjectConfigurationPlatforms) = postSolution
		{1529ACFB-E4E3-491F-A431-8DEFCC8D907B}.Debug|Any CPU.ActiveCfg = Debug|Any CPU
		{1529ACFB-E4E3-491F-A431-8DEFCC8D907B}.Debug|Any CPU.Build.0 = Debug|Any CPU
		{1529ACFB-E4E3-491F-A431-8DEFCC8D907B}.Release|Any CPU.ActiveCfg = Release|Any CPU
		{1529ACFB-E4E3-491F-A431-8DEFCC8D907B}.Release|Any CPU.Build.0 = Release|Any CPU
	EndGlobalSection
	GlobalSection(SolutionProperties) = preSolution
		HideSolutionNode = FALSE
	EndGlobalSection
	GlobalSection(ExtensibilityGlobals) = postSolution
		SolutionGuid = {B9546810-E95E-4A5A-B3E3-738FF6F14D42}
	EndGlobalSection
EndGlobal
