
Microsoft Visual Studio Solution File, Format Version 12.00
# Visual Studio Version 16
VisualStudioVersion = 16.0.29709.97
MinimumVisualStudioVersion = 10.0.40219.1
Project("{FAE04EC0-301F-11D3-BF4B-00C04F79EFBC}") = "Fast Food", "Fast Food\Fast Food.csproj", "{E4FFA07E-D5DD-4576-AA93-449DFB506A96}"
EndProject
Global
	GlobalSection(SolutionConfigurationPlatforms) = preSolution
		Debug|Any CPU = Debug|Any CPU
		Release|Any CPU = Release|Any CPU
	EndGlobalSection
	GlobalSection(ProjectConfigurationPlatforms) = postSolution
		{E4FFA07E-D5DD-4576-AA93-449DFB506A96}.Debug|Any CPU.ActiveCfg = Debug|Any CPU
		{E4FFA07E-D5DD-4576-AA93-449DFB506A96}.Debug|Any CPU.Build.0 = Debug|Any CPU
		{E4FFA07E-D5DD-4576-AA93-449DFB506A96}.Release|Any CPU.ActiveCfg = Release|Any CPU
		{E4FFA07E-D5DD-4576-AA93-449DFB506A96}.Release|Any CPU.Build.0 = Release|Any CPU
	EndGlobalSection
	GlobalSection(SolutionProperties) = preSolution
		HideSolutionNode = FALSE
	EndGlobalSection
	GlobalSection(ExtensibilityGlobals) = postSolution
		SolutionGuid = {08E7FFE1-51DB-43BF-9AD9-F4D31C751116}
	EndGlobalSection
EndGlobal
