
Microsoft Visual Studio Solution File, Format Version 12.00
# Visual Studio Version 16
VisualStudioVersion = 16.0.29411.108
MinimumVisualStudioVersion = 10.0.40219.1
Project("{FAE04EC0-301F-11D3-BF4B-00C04F79EFBC}") = "Courses", "Courses\Courses.csproj", "{9D800CF1-03CD-45A3-B516-6B2E7A0B7E59}"
EndProject
Global
	GlobalSection(SolutionConfigurationPlatforms) = preSolution
		Debug|Any CPU = Debug|Any CPU
		Release|Any CPU = Release|Any CPU
	EndGlobalSection
	GlobalSection(ProjectConfigurationPlatforms) = postSolution
		{9D800CF1-03CD-45A3-B516-6B2E7A0B7E59}.Debug|Any CPU.ActiveCfg = Debug|Any CPU
		{9D800CF1-03CD-45A3-B516-6B2E7A0B7E59}.Debug|Any CPU.Build.0 = Debug|Any CPU
		{9D800CF1-03CD-45A3-B516-6B2E7A0B7E59}.Release|Any CPU.ActiveCfg = Release|Any CPU
		{9D800CF1-03CD-45A3-B516-6B2E7A0B7E59}.Release|Any CPU.Build.0 = Release|Any CPU
	EndGlobalSection
	GlobalSection(SolutionProperties) = preSolution
		HideSolutionNode = FALSE
	EndGlobalSection
	GlobalSection(ExtensibilityGlobals) = postSolution
		SolutionGuid = {1E14E350-1C35-4471-B372-B410C9AE2F4C}
	EndGlobalSection
EndGlobal
