
Microsoft Visual Studio Solution File, Format Version 12.00
# Visual Studio 15
VisualStudioVersion = 15.0.28307.852
MinimumVisualStudioVersion = 10.0.40219.1
Project("{FAE04EC0-301F-11D3-BF4B-00C04F79EFBC}") = "Froggy Squad", "Froggy Squad\Froggy Squad.csproj", "{A8E39E1C-7FF0-471F-85E3-B1BB9E7FE9CC}"
EndProject
Global
	GlobalSection(SolutionConfigurationPlatforms) = preSolution
		Debug|Any CPU = Debug|Any CPU
		Release|Any CPU = Release|Any CPU
	EndGlobalSection
	GlobalSection(ProjectConfigurationPlatforms) = postSolution
		{A8E39E1C-7FF0-471F-85E3-B1BB9E7FE9CC}.Debug|Any CPU.ActiveCfg = Debug|Any CPU
		{A8E39E1C-7FF0-471F-85E3-B1BB9E7FE9CC}.Debug|Any CPU.Build.0 = Debug|Any CPU
		{A8E39E1C-7FF0-471F-85E3-B1BB9E7FE9CC}.Release|Any CPU.ActiveCfg = Release|Any CPU
		{A8E39E1C-7FF0-471F-85E3-B1BB9E7FE9CC}.Release|Any CPU.Build.0 = Release|Any CPU
	EndGlobalSection
	GlobalSection(SolutionProperties) = preSolution
		HideSolutionNode = FALSE
	EndGlobalSection
	GlobalSection(ExtensibilityGlobals) = postSolution
		SolutionGuid = {50A18454-7AE4-4518-8D94-3D98477B9C8D}
	EndGlobalSection
EndGlobal
