
Microsoft Visual Studio Solution File, Format Version 12.00
# Visual Studio Version 16
VisualStudioVersion = 16.0.29306.81
MinimumVisualStudioVersion = 10.0.40219.1
Project("{FAE04EC0-301F-11D3-BF4B-00C04F79EFBC}") = "Snowballs", "Snowballs\Snowballs.csproj", "{E57ED60A-5FF9-40AB-8711-857CE079BFB8}"
EndProject
Global
	GlobalSection(SolutionConfigurationPlatforms) = preSolution
		Debug|Any CPU = Debug|Any CPU
		Release|Any CPU = Release|Any CPU
	EndGlobalSection
	GlobalSection(ProjectConfigurationPlatforms) = postSolution
		{E57ED60A-5FF9-40AB-8711-857CE079BFB8}.Debug|Any CPU.ActiveCfg = Debug|Any CPU
		{E57ED60A-5FF9-40AB-8711-857CE079BFB8}.Debug|Any CPU.Build.0 = Debug|Any CPU
		{E57ED60A-5FF9-40AB-8711-857CE079BFB8}.Release|Any CPU.ActiveCfg = Release|Any CPU
		{E57ED60A-5FF9-40AB-8711-857CE079BFB8}.Release|Any CPU.Build.0 = Release|Any CPU
	EndGlobalSection
	GlobalSection(SolutionProperties) = preSolution
		HideSolutionNode = FALSE
	EndGlobalSection
	GlobalSection(ExtensibilityGlobals) = postSolution
		SolutionGuid = {637A74F1-E992-4EB2-9501-3CC9FDB8A1F1}
	EndGlobalSection
EndGlobal
