
Microsoft Visual Studio Solution File, Format Version 12.00
# Visual Studio 15
VisualStudioVersion = 15.0.28010.2036
MinimumVisualStudioVersion = 10.0.40219.1
Project("{FAE04EC0-301F-11D3-BF4B-00C04F79EFBC}") = "Sum Prime Non Prime", "Sum Prime Non Prime\Sum Prime Non Prime.csproj", "{A50318A2-B87B-477C-87E7-CB34020CE49F}"
EndProject
Global
	GlobalSection(SolutionConfigurationPlatforms) = preSolution
		Debug|Any CPU = Debug|Any CPU
		Release|Any CPU = Release|Any CPU
	EndGlobalSection
	GlobalSection(ProjectConfigurationPlatforms) = postSolution
		{A50318A2-B87B-477C-87E7-CB34020CE49F}.Debug|Any CPU.ActiveCfg = Debug|Any CPU
		{A50318A2-B87B-477C-87E7-CB34020CE49F}.Debug|Any CPU.Build.0 = Debug|Any CPU
		{A50318A2-B87B-477C-87E7-CB34020CE49F}.Release|Any CPU.ActiveCfg = Release|Any CPU
		{A50318A2-B87B-477C-87E7-CB34020CE49F}.Release|Any CPU.Build.0 = Release|Any CPU
	EndGlobalSection
	GlobalSection(SolutionProperties) = preSolution
		HideSolutionNode = FALSE
	EndGlobalSection
	GlobalSection(ExtensibilityGlobals) = postSolution
		SolutionGuid = {80F675B9-9420-4A0B-94FB-204F9352C60E}
	EndGlobalSection
EndGlobal
