
Microsoft Visual Studio Solution File, Format Version 12.00
# Visual Studio Version 16
VisualStudioVersion = 16.0.29728.190
MinimumVisualStudioVersion = 10.0.40219.1
Project("{FAE04EC0-301F-11D3-BF4B-00C04F79EFBC}") = "PokemonTrainer", "PokemonTrainer\PokemonTrainer.csproj", "{D495DBDD-0C14-4598-9A3E-39289242E2D9}"
EndProject
Global
	GlobalSection(SolutionConfigurationPlatforms) = preSolution
		Debug|Any CPU = Debug|Any CPU
		Release|Any CPU = Release|Any CPU
	EndGlobalSection
	GlobalSection(ProjectConfigurationPlatforms) = postSolution
		{D495DBDD-0C14-4598-9A3E-39289242E2D9}.Debug|Any CPU.ActiveCfg = Debug|Any CPU
		{D495DBDD-0C14-4598-9A3E-39289242E2D9}.Debug|Any CPU.Build.0 = Debug|Any CPU
		{D495DBDD-0C14-4598-9A3E-39289242E2D9}.Release|Any CPU.ActiveCfg = Release|Any CPU
		{D495DBDD-0C14-4598-9A3E-39289242E2D9}.Release|Any CPU.Build.0 = Release|Any CPU
	EndGlobalSection
	GlobalSection(SolutionProperties) = preSolution
		HideSolutionNode = FALSE
	EndGlobalSection
	GlobalSection(ExtensibilityGlobals) = postSolution
		SolutionGuid = {523F592B-F49F-4C12-A86E-0709527B2040}
	EndGlobalSection
EndGlobal
