
Microsoft Visual Studio Solution File, Format Version 12.00
# Visual Studio Version 16
VisualStudioVersion = 16.0.29911.84
MinimumVisualStudioVersion = 10.0.40219.1
Project("{FAE04EC0-301F-11D3-BF4B-00C04F79EFBC}") = "Vehicles", "Vehicles\Vehicles.csproj", "{DBD3647D-8DAB-4359-9237-D3371F3FA911}"
EndProject
Global
	GlobalSection(SolutionConfigurationPlatforms) = preSolution
		Debug|Any CPU = Debug|Any CPU
		Release|Any CPU = Release|Any CPU
	EndGlobalSection
	GlobalSection(ProjectConfigurationPlatforms) = postSolution
		{DBD3647D-8DAB-4359-9237-D3371F3FA911}.Debug|Any CPU.ActiveCfg = Debug|Any CPU
		{DBD3647D-8DAB-4359-9237-D3371F3FA911}.Debug|Any CPU.Build.0 = Debug|Any CPU
		{DBD3647D-8DAB-4359-9237-D3371F3FA911}.Release|Any CPU.ActiveCfg = Release|Any CPU
		{DBD3647D-8DAB-4359-9237-D3371F3FA911}.Release|Any CPU.Build.0 = Release|Any CPU
	EndGlobalSection
	GlobalSection(SolutionProperties) = preSolution
		HideSolutionNode = FALSE
	EndGlobalSection
	GlobalSection(ExtensibilityGlobals) = postSolution
		SolutionGuid = {F10C67ED-D144-4C34-B088-A1364EAFED14}
	EndGlobalSection
EndGlobal
