
Microsoft Visual Studio Solution File, Format Version 12.00
# Visual Studio Version 16
VisualStudioVersion = 16.0.29709.97
MinimumVisualStudioVersion = 10.0.40219.1
Project("{FAE04EC0-301F-11D3-BF4B-00C04F79EFBC}") = "Reverse and Exclude", "Reverse and Exclude\Reverse and Exclude.csproj", "{8009DD0C-482A-46B5-856D-5468BFFBBEEA}"
EndProject
Global
	GlobalSection(SolutionConfigurationPlatforms) = preSolution
		Debug|Any CPU = Debug|Any CPU
		Release|Any CPU = Release|Any CPU
	EndGlobalSection
	GlobalSection(ProjectConfigurationPlatforms) = postSolution
		{8009DD0C-482A-46B5-856D-5468BFFBBEEA}.Debug|Any CPU.ActiveCfg = Debug|Any CPU
		{8009DD0C-482A-46B5-856D-5468BFFBBEEA}.Debug|Any CPU.Build.0 = Debug|Any CPU
		{8009DD0C-482A-46B5-856D-5468BFFBBEEA}.Release|Any CPU.ActiveCfg = Release|Any CPU
		{8009DD0C-482A-46B5-856D-5468BFFBBEEA}.Release|Any CPU.Build.0 = Release|Any CPU
	EndGlobalSection
	GlobalSection(SolutionProperties) = preSolution
		HideSolutionNode = FALSE
	EndGlobalSection
	GlobalSection(ExtensibilityGlobals) = postSolution
		SolutionGuid = {3D701B02-F37E-41A8-993A-8E3CEC3B9A92}
	EndGlobalSection
EndGlobal
