
Microsoft Visual Studio Solution File, Format Version 12.00
# Visual Studio Version 16
VisualStudioVersion = 16.0.29709.97
MinimumVisualStudioVersion = 10.0.40219.1
Project("{FAE04EC0-301F-11D3-BF4B-00C04F79EFBC}") = "Ranking", "Ranking\Ranking.csproj", "{2FAB3C0E-363C-459B-AEE7-55F8F51CDB06}"
EndProject
Global
	GlobalSection(SolutionConfigurationPlatforms) = preSolution
		Debug|Any CPU = Debug|Any CPU
		Release|Any CPU = Release|Any CPU
	EndGlobalSection
	GlobalSection(ProjectConfigurationPlatforms) = postSolution
		{2FAB3C0E-363C-459B-AEE7-55F8F51CDB06}.Debug|Any CPU.ActiveCfg = Debug|Any CPU
		{2FAB3C0E-363C-459B-AEE7-55F8F51CDB06}.Debug|Any CPU.Build.0 = Debug|Any CPU
		{2FAB3C0E-363C-459B-AEE7-55F8F51CDB06}.Release|Any CPU.ActiveCfg = Release|Any CPU
		{2FAB3C0E-363C-459B-AEE7-55F8F51CDB06}.Release|Any CPU.Build.0 = Release|Any CPU
	EndGlobalSection
	GlobalSection(SolutionProperties) = preSolution
		HideSolutionNode = FALSE
	EndGlobalSection
	GlobalSection(ExtensibilityGlobals) = postSolution
		SolutionGuid = {038AE00E-AA35-4F5A-966D-0FEC28F13E48}
	EndGlobalSection
EndGlobal
