
Microsoft Visual Studio Solution File, Format Version 12.00
# Visual Studio Version 16
VisualStudioVersion = 16.0.29411.108
MinimumVisualStudioVersion = 10.0.40219.1
Project("{FAE04EC0-301F-11D3-BF4B-00C04F79EFBC}") = "Race", "Race\Race.csproj", "{307E0F2F-A935-441E-A928-99F8E76DE498}"
EndProject
Global
	GlobalSection(SolutionConfigurationPlatforms) = preSolution
		Debug|Any CPU = Debug|Any CPU
		Release|Any CPU = Release|Any CPU
	EndGlobalSection
	GlobalSection(ProjectConfigurationPlatforms) = postSolution
		{307E0F2F-A935-441E-A928-99F8E76DE498}.Debug|Any CPU.ActiveCfg = Debug|Any CPU
		{307E0F2F-A935-441E-A928-99F8E76DE498}.Debug|Any CPU.Build.0 = Debug|Any CPU
		{307E0F2F-A935-441E-A928-99F8E76DE498}.Release|Any CPU.ActiveCfg = Release|Any CPU
		{307E0F2F-A935-441E-A928-99F8E76DE498}.Release|Any CPU.Build.0 = Release|Any CPU
	EndGlobalSection
	GlobalSection(SolutionProperties) = preSolution
		HideSolutionNode = FALSE
	EndGlobalSection
	GlobalSection(ExtensibilityGlobals) = postSolution
		SolutionGuid = {D635EB9F-563F-438F-ADBE-A756953B72CB}
	EndGlobalSection
EndGlobal
