
Microsoft Visual Studio Solution File, Format Version 12.00
# Visual Studio Version 16
VisualStudioVersion = 16.0.29411.108
MinimumVisualStudioVersion = 10.0.40219.1
Project("{FAE04EC0-301F-11D3-BF4B-00C04F79EFBC}") = "String Manipulator - Group 2", "String Manipulator - Group 2\String Manipulator - Group 2.csproj", "{01D28A71-A718-4EA4-8293-62300F007630}"
EndProject
Global
	GlobalSection(SolutionConfigurationPlatforms) = preSolution
		Debug|Any CPU = Debug|Any CPU
		Release|Any CPU = Release|Any CPU
	EndGlobalSection
	GlobalSection(ProjectConfigurationPlatforms) = postSolution
		{01D28A71-A718-4EA4-8293-62300F007630}.Debug|Any CPU.ActiveCfg = Debug|Any CPU
		{01D28A71-A718-4EA4-8293-62300F007630}.Debug|Any CPU.Build.0 = Debug|Any CPU
		{01D28A71-A718-4EA4-8293-62300F007630}.Release|Any CPU.ActiveCfg = Release|Any CPU
		{01D28A71-A718-4EA4-8293-62300F007630}.Release|Any CPU.Build.0 = Release|Any CPU
	EndGlobalSection
	GlobalSection(SolutionProperties) = preSolution
		HideSolutionNode = FALSE
	EndGlobalSection
	GlobalSection(ExtensibilityGlobals) = postSolution
		SolutionGuid = {9A587A0F-4B68-4226-BAC9-561291049547}
	EndGlobalSection
EndGlobal
