
Microsoft Visual Studio Solution File, Format Version 12.00
# Visual Studio 15
VisualStudioVersion = 15.0.28307.852
MinimumVisualStudioVersion = 10.0.40219.1
Project("{FAE04EC0-301F-11D3-BF4B-00C04F79EFBC}") = "Train", "Train\Train.csproj", "{EA0BCFCF-62FE-496D-984F-F547132BBBD1}"
EndProject
Global
	GlobalSection(SolutionConfigurationPlatforms) = preSolution
		Debug|Any CPU = Debug|Any CPU
		Release|Any CPU = Release|Any CPU
	EndGlobalSection
	GlobalSection(ProjectConfigurationPlatforms) = postSolution
		{EA0BCFCF-62FE-496D-984F-F547132BBBD1}.Debug|Any CPU.ActiveCfg = Debug|Any CPU
		{EA0BCFCF-62FE-496D-984F-F547132BBBD1}.Debug|Any CPU.Build.0 = Debug|Any CPU
		{EA0BCFCF-62FE-496D-984F-F547132BBBD1}.Release|Any CPU.ActiveCfg = Release|Any CPU
		{EA0BCFCF-62FE-496D-984F-F547132BBBD1}.Release|Any CPU.Build.0 = Release|Any CPU
	EndGlobalSection
	GlobalSection(SolutionProperties) = preSolution
		HideSolutionNode = FALSE
	EndGlobalSection
	GlobalSection(ExtensibilityGlobals) = postSolution
		SolutionGuid = {327A4800-FAD2-43D7-9946-EE3F572AE518}
	EndGlobalSection
EndGlobal
