
Microsoft Visual Studio Solution File, Format Version 12.00
# Visual Studio Version 16
VisualStudioVersion = 16.0.29709.97
MinimumVisualStudioVersion = 10.0.40219.1
Project("{FAE04EC0-301F-11D3-BF4B-00C04F79EFBC}") = "Basic Queue Operations", "Basic Queue Operations\Basic Queue Operations.csproj", "{51FF6766-76A8-4951-9254-23D5A036B9AF}"
EndProject
Global
	GlobalSection(SolutionConfigurationPlatforms) = preSolution
		Debug|Any CPU = Debug|Any CPU
		Release|Any CPU = Release|Any CPU
	EndGlobalSection
	GlobalSection(ProjectConfigurationPlatforms) = postSolution
		{51FF6766-76A8-4951-9254-23D5A036B9AF}.Debug|Any CPU.ActiveCfg = Debug|Any CPU
		{51FF6766-76A8-4951-9254-23D5A036B9AF}.Debug|Any CPU.Build.0 = Debug|Any CPU
		{51FF6766-76A8-4951-9254-23D5A036B9AF}.Release|Any CPU.ActiveCfg = Release|Any CPU
		{51FF6766-76A8-4951-9254-23D5A036B9AF}.Release|Any CPU.Build.0 = Release|Any CPU
	EndGlobalSection
	GlobalSection(SolutionProperties) = preSolution
		HideSolutionNode = FALSE
	EndGlobalSection
	GlobalSection(ExtensibilityGlobals) = postSolution
		SolutionGuid = {F33062B2-DB69-4AE7-904C-A5871F4D42F1}
	EndGlobalSection
EndGlobal
