
Microsoft Visual Studio Solution File, Format Version 12.00
# Visual Studio 15
VisualStudioVersion = 15.0.28307.852
MinimumVisualStudioVersion = 10.0.40219.1
Project("{FAE04EC0-301F-11D3-BF4B-00C04F79EFBC}") = "Sum Seconds", "Sum Seconds\Sum Seconds.csproj", "{AFE6AAE4-6CD5-4E51-9C1B-3631B5297CA0}"
EndProject
Global
	GlobalSection(SolutionConfigurationPlatforms) = preSolution
		Debug|Any CPU = Debug|Any CPU
		Release|Any CPU = Release|Any CPU
	EndGlobalSection
	GlobalSection(ProjectConfigurationPlatforms) = postSolution
		{AFE6AAE4-6CD5-4E51-9C1B-3631B5297CA0}.Debug|Any CPU.ActiveCfg = Debug|Any CPU
		{AFE6AAE4-6CD5-4E51-9C1B-3631B5297CA0}.Debug|Any CPU.Build.0 = Debug|Any CPU
		{AFE6AAE4-6CD5-4E51-9C1B-3631B5297CA0}.Release|Any CPU.ActiveCfg = Release|Any CPU
		{AFE6AAE4-6CD5-4E51-9C1B-3631B5297CA0}.Release|Any CPU.Build.0 = Release|Any CPU
	EndGlobalSection
	GlobalSection(SolutionProperties) = preSolution
		HideSolutionNode = FALSE
	EndGlobalSection
	GlobalSection(ExtensibilityGlobals) = postSolution
		SolutionGuid = {1804F3F9-EFE0-46FF-B302-DE4BBA4BE74B}
	EndGlobalSection
EndGlobal
