
Microsoft Visual Studio Solution File, Format Version 12.00
# Visual Studio Version 16
VisualStudioVersion = 16.0.29306.81
MinimumVisualStudioVersion = 10.0.40219.1
Project("{FAE04EC0-301F-11D3-BF4B-00C04F79EFBC}") = "Change List", "Change List\Change List.csproj", "{BFAF96A0-B694-4F28-99A6-D7ABE49CF0FE}"
EndProject
Global
	GlobalSection(SolutionConfigurationPlatforms) = preSolution
		Debug|Any CPU = Debug|Any CPU
		Release|Any CPU = Release|Any CPU
	EndGlobalSection
	GlobalSection(ProjectConfigurationPlatforms) = postSolution
		{BFAF96A0-B694-4F28-99A6-D7ABE49CF0FE}.Debug|Any CPU.ActiveCfg = Debug|Any CPU
		{BFAF96A0-B694-4F28-99A6-D7ABE49CF0FE}.Debug|Any CPU.Build.0 = Debug|Any CPU
		{BFAF96A0-B694-4F28-99A6-D7ABE49CF0FE}.Release|Any CPU.ActiveCfg = Release|Any CPU
		{BFAF96A0-B694-4F28-99A6-D7ABE49CF0FE}.Release|Any CPU.Build.0 = Release|Any CPU
	EndGlobalSection
	GlobalSection(SolutionProperties) = preSolution
		HideSolutionNode = FALSE
	EndGlobalSection
	GlobalSection(ExtensibilityGlobals) = postSolution
		SolutionGuid = {81A0C780-ED8F-48CF-BE32-04882399B27A}
	EndGlobalSection
EndGlobal
