
Microsoft Visual Studio Solution File, Format Version 12.00
# Visual Studio Version 16
VisualStudioVersion = 16.0.29709.97
MinimumVisualStudioVersion = 10.0.40219.1
Project("{FAE04EC0-301F-11D3-BF4B-00C04F79EFBC}") = "Helen's Abduction", "Helen's Abduction\Helen's Abduction.csproj", "{5DEBB12C-48E6-471B-B1D7-F671755A44F5}"
EndProject
Global
	GlobalSection(SolutionConfigurationPlatforms) = preSolution
		Debug|Any CPU = Debug|Any CPU
		Release|Any CPU = Release|Any CPU
	EndGlobalSection
	GlobalSection(ProjectConfigurationPlatforms) = postSolution
		{5DEBB12C-48E6-471B-B1D7-F671755A44F5}.Debug|Any CPU.ActiveCfg = Debug|Any CPU
		{5DEBB12C-48E6-471B-B1D7-F671755A44F5}.Debug|Any CPU.Build.0 = Debug|Any CPU
		{5DEBB12C-48E6-471B-B1D7-F671755A44F5}.Release|Any CPU.ActiveCfg = Release|Any CPU
		{5DEBB12C-48E6-471B-B1D7-F671755A44F5}.Release|Any CPU.Build.0 = Release|Any CPU
	EndGlobalSection
	GlobalSection(SolutionProperties) = preSolution
		HideSolutionNode = FALSE
	EndGlobalSection
	GlobalSection(ExtensibilityGlobals) = postSolution
		SolutionGuid = {C7769AEB-8FF7-4735-B1F8-F7D3A7C72D4B}
	EndGlobalSection
EndGlobal
