
Microsoft Visual Studio Solution File, Format Version 12.00
# Visual Studio Version 16
VisualStudioVersion = 16.0.29306.81
MinimumVisualStudioVersion = 10.0.40219.1
Project("{FAE04EC0-301F-11D3-BF4B-00C04F79EFBC}") = "NxN Matrix", "NxN Matrix\NxN Matrix.csproj", "{5C7EDB84-5105-479A-94EC-EF5B2ED7DEC5}"
EndProject
Global
	GlobalSection(SolutionConfigurationPlatforms) = preSolution
		Debug|Any CPU = Debug|Any CPU
		Release|Any CPU = Release|Any CPU
	EndGlobalSection
	GlobalSection(ProjectConfigurationPlatforms) = postSolution
		{5C7EDB84-5105-479A-94EC-EF5B2ED7DEC5}.Debug|Any CPU.ActiveCfg = Debug|Any CPU
		{5C7EDB84-5105-479A-94EC-EF5B2ED7DEC5}.Debug|Any CPU.Build.0 = Debug|Any CPU
		{5C7EDB84-5105-479A-94EC-EF5B2ED7DEC5}.Release|Any CPU.ActiveCfg = Release|Any CPU
		{5C7EDB84-5105-479A-94EC-EF5B2ED7DEC5}.Release|Any CPU.Build.0 = Release|Any CPU
	EndGlobalSection
	GlobalSection(SolutionProperties) = preSolution
		HideSolutionNode = FALSE
	EndGlobalSection
	GlobalSection(ExtensibilityGlobals) = postSolution
		SolutionGuid = {F7AACB58-E330-4531-8159-46E70A01D75F}
	EndGlobalSection
EndGlobal
