
Microsoft Visual Studio Solution File, Format Version 12.00
# Visual Studio Version 16
VisualStudioVersion = 16.0.29411.108
MinimumVisualStudioVersion = 10.0.40219.1
Project("{FAE04EC0-301F-11D3-BF4B-00C04F79EFBC}") = "Teamwork projects", "Teamwork projects\Teamwork projects.csproj", "{94C896D4-1922-492B-95FA-1F8568E9D6D9}"
EndProject
Global
	GlobalSection(SolutionConfigurationPlatforms) = preSolution
		Debug|Any CPU = Debug|Any CPU
		Release|Any CPU = Release|Any CPU
	EndGlobalSection
	GlobalSection(ProjectConfigurationPlatforms) = postSolution
		{94C896D4-1922-492B-95FA-1F8568E9D6D9}.Debug|Any CPU.ActiveCfg = Debug|Any CPU
		{94C896D4-1922-492B-95FA-1F8568E9D6D9}.Debug|Any CPU.Build.0 = Debug|Any CPU
		{94C896D4-1922-492B-95FA-1F8568E9D6D9}.Release|Any CPU.ActiveCfg = Release|Any CPU
		{94C896D4-1922-492B-95FA-1F8568E9D6D9}.Release|Any CPU.Build.0 = Release|Any CPU
	EndGlobalSection
	GlobalSection(SolutionProperties) = preSolution
		HideSolutionNode = FALSE
	EndGlobalSection
	GlobalSection(ExtensibilityGlobals) = postSolution
		SolutionGuid = {430832AE-7C95-422D-A60C-3795FDC63FE7}
	EndGlobalSection
EndGlobal
