
Microsoft Visual Studio Solution File, Format Version 12.00
# Visual Studio 15
VisualStudioVersion = 15.0.28010.2036
MinimumVisualStudioVersion = 10.0.40219.1
Project("{FAE04EC0-301F-11D3-BF4B-00C04F79EFBC}") = "Salary", "Salary\Salary.csproj", "{DB24F45D-F1DD-4CDE-A352-7F109155B92D}"
EndProject
Global
	GlobalSection(SolutionConfigurationPlatforms) = preSolution
		Debug|Any CPU = Debug|Any CPU
		Release|Any CPU = Release|Any CPU
	EndGlobalSection
	GlobalSection(ProjectConfigurationPlatforms) = postSolution
		{DB24F45D-F1DD-4CDE-A352-7F109155B92D}.Debug|Any CPU.ActiveCfg = Debug|Any CPU
		{DB24F45D-F1DD-4CDE-A352-7F109155B92D}.Debug|Any CPU.Build.0 = Debug|Any CPU
		{DB24F45D-F1DD-4CDE-A352-7F109155B92D}.Release|Any CPU.ActiveCfg = Release|Any CPU
		{DB24F45D-F1DD-4CDE-A352-7F109155B92D}.Release|Any CPU.Build.0 = Release|Any CPU
	EndGlobalSection
	GlobalSection(SolutionProperties) = preSolution
		HideSolutionNode = FALSE
	EndGlobalSection
	GlobalSection(ExtensibilityGlobals) = postSolution
		SolutionGuid = {AEB64E75-41CD-4D91-900A-9DB17B6B0E0C}
	EndGlobalSection
EndGlobal
