
Microsoft Visual Studio Solution File, Format Version 12.00
# Visual Studio Version 16
VisualStudioVersion = 16.0.29306.81
MinimumVisualStudioVersion = 10.0.40219.1
Project("{FAE04EC0-301F-11D3-BF4B-00C04F79EFBC}") = "Cards Game", "Cards Game\Cards Game.csproj", "{677A4CF1-9006-4858-990F-9456F389D019}"
EndProject
Global
	GlobalSection(SolutionConfigurationPlatforms) = preSolution
		Debug|Any CPU = Debug|Any CPU
		Release|Any CPU = Release|Any CPU
	EndGlobalSection
	GlobalSection(ProjectConfigurationPlatforms) = postSolution
		{677A4CF1-9006-4858-990F-9456F389D019}.Debug|Any CPU.ActiveCfg = Debug|Any CPU
		{677A4CF1-9006-4858-990F-9456F389D019}.Debug|Any CPU.Build.0 = Debug|Any CPU
		{677A4CF1-9006-4858-990F-9456F389D019}.Release|Any CPU.ActiveCfg = Release|Any CPU
		{677A4CF1-9006-4858-990F-9456F389D019}.Release|Any CPU.Build.0 = Release|Any CPU
	EndGlobalSection
	GlobalSection(SolutionProperties) = preSolution
		HideSolutionNode = FALSE
	EndGlobalSection
	GlobalSection(ExtensibilityGlobals) = postSolution
		SolutionGuid = {844D8C1E-1D55-4E9E-8B4B-D1650543EE02}
	EndGlobalSection
EndGlobal
