
Microsoft Visual Studio Solution File, Format Version 12.00
# Visual Studio 15
VisualStudioVersion = 15.0.28307.852
MinimumVisualStudioVersion = 10.0.40219.1
Project("{FAE04EC0-301F-11D3-BF4B-00C04F79EFBC}") = "Magic Sum", "Magic Sum\Magic Sum.csproj", "{6EF9CDD6-92EB-4F6B-A174-5F700302E9C2}"
EndProject
Global
	GlobalSection(SolutionConfigurationPlatforms) = preSolution
		Debug|Any CPU = Debug|Any CPU
		Release|Any CPU = Release|Any CPU
	EndGlobalSection
	GlobalSection(ProjectConfigurationPlatforms) = postSolution
		{6EF9CDD6-92EB-4F6B-A174-5F700302E9C2}.Debug|Any CPU.ActiveCfg = Debug|Any CPU
		{6EF9CDD6-92EB-4F6B-A174-5F700302E9C2}.Debug|Any CPU.Build.0 = Debug|Any CPU
		{6EF9CDD6-92EB-4F6B-A174-5F700302E9C2}.Release|Any CPU.ActiveCfg = Release|Any CPU
		{6EF9CDD6-92EB-4F6B-A174-5F700302E9C2}.Release|Any CPU.Build.0 = Release|Any CPU
	EndGlobalSection
	GlobalSection(SolutionProperties) = preSolution
		HideSolutionNode = FALSE
	EndGlobalSection
	GlobalSection(ExtensibilityGlobals) = postSolution
		SolutionGuid = {D16F885B-3219-4295-9A83-C90C708690A8}
	EndGlobalSection
EndGlobal
