
Microsoft Visual Studio Solution File, Format Version 12.00
# Visual Studio Version 16
VisualStudioVersion = 16.0.29911.84
MinimumVisualStudioVersion = 10.0.40219.1
Project("{FAE04EC0-301F-11D3-BF4B-00C04F79EFBC}") = "VehiclesExtension", "VehiclesExtension\VehiclesExtension.csproj", "{EF2AAA6C-30D8-495A-861C-6423880E1552}"
EndProject
Global
	GlobalSection(SolutionConfigurationPlatforms) = preSolution
		Debug|Any CPU = Debug|Any CPU
		Release|Any CPU = Release|Any CPU
	EndGlobalSection
	GlobalSection(ProjectConfigurationPlatforms) = postSolution
		{EF2AAA6C-30D8-495A-861C-6423880E1552}.Debug|Any CPU.ActiveCfg = Debug|Any CPU
		{EF2AAA6C-30D8-495A-861C-6423880E1552}.Debug|Any CPU.Build.0 = Debug|Any CPU
		{EF2AAA6C-30D8-495A-861C-6423880E1552}.Release|Any CPU.ActiveCfg = Release|Any CPU
		{EF2AAA6C-30D8-495A-861C-6423880E1552}.Release|Any CPU.Build.0 = Release|Any CPU
	EndGlobalSection
	GlobalSection(SolutionProperties) = preSolution
		HideSolutionNode = FALSE
	EndGlobalSection
	GlobalSection(ExtensibilityGlobals) = postSolution
		SolutionGuid = {CF27E225-BFCB-41F4-BB21-FA5F53A0B7BB}
	EndGlobalSection
EndGlobal
