
Microsoft Visual Studio Solution File, Format Version 12.00
# Visual Studio Version 16
VisualStudioVersion = 16.0.29306.81
MinimumVisualStudioVersion = 10.0.40219.1
Project("{FAE04EC0-301F-11D3-BF4B-00C04F79EFBC}") = "Spice Must Flow", "Spice Must Flow\Spice Must Flow.csproj", "{CFE6645C-CC47-4326-A284-83418D23AE84}"
EndProject
Global
	GlobalSection(SolutionConfigurationPlatforms) = preSolution
		Debug|Any CPU = Debug|Any CPU
		Release|Any CPU = Release|Any CPU
	EndGlobalSection
	GlobalSection(ProjectConfigurationPlatforms) = postSolution
		{CFE6645C-CC47-4326-A284-83418D23AE84}.Debug|Any CPU.ActiveCfg = Debug|Any CPU
		{CFE6645C-CC47-4326-A284-83418D23AE84}.Debug|Any CPU.Build.0 = Debug|Any CPU
		{CFE6645C-CC47-4326-A284-83418D23AE84}.Release|Any CPU.ActiveCfg = Release|Any CPU
		{CFE6645C-CC47-4326-A284-83418D23AE84}.Release|Any CPU.Build.0 = Release|Any CPU
	EndGlobalSection
	GlobalSection(SolutionProperties) = preSolution
		HideSolutionNode = FALSE
	EndGlobalSection
	GlobalSection(ExtensibilityGlobals) = postSolution
		SolutionGuid = {ED0F4642-E7D5-471E-89F8-0B152C8F5B25}
	EndGlobalSection
EndGlobal
