
Microsoft Visual Studio Solution File, Format Version 12.00
# Visual Studio Version 16
VisualStudioVersion = 16.0.29709.97
MinimumVisualStudioVersion = 10.0.40219.1
Project("{FAE04EC0-301F-11D3-BF4B-00C04F79EFBC}") = "Songs Queue", "Songs Queue\Songs Queue.csproj", "{4616ABC9-AD2C-4BD7-B92B-C3BC77E5B066}"
EndProject
Global
	GlobalSection(SolutionConfigurationPlatforms) = preSolution
		Debug|Any CPU = Debug|Any CPU
		Release|Any CPU = Release|Any CPU
	EndGlobalSection
	GlobalSection(ProjectConfigurationPlatforms) = postSolution
		{4616ABC9-AD2C-4BD7-B92B-C3BC77E5B066}.Debug|Any CPU.ActiveCfg = Debug|Any CPU
		{4616ABC9-AD2C-4BD7-B92B-C3BC77E5B066}.Debug|Any CPU.Build.0 = Debug|Any CPU
		{4616ABC9-AD2C-4BD7-B92B-C3BC77E5B066}.Release|Any CPU.ActiveCfg = Release|Any CPU
		{4616ABC9-AD2C-4BD7-B92B-C3BC77E5B066}.Release|Any CPU.Build.0 = Release|Any CPU
	EndGlobalSection
	GlobalSection(SolutionProperties) = preSolution
		HideSolutionNode = FALSE
	EndGlobalSection
	GlobalSection(ExtensibilityGlobals) = postSolution
		SolutionGuid = {E0FD8662-2BCD-43B3-B261-CC09F4035063}
	EndGlobalSection
EndGlobal
