
Microsoft Visual Studio Solution File, Format Version 12.00
# Visual Studio Version 16
VisualStudioVersion = 16.0.29409.12
MinimumVisualStudioVersion = 10.0.40219.1
Project("{FAE04EC0-301F-11D3-BF4B-00C04F79EFBC}") = "String Manipulator - Group 1", "String Manipulator - Group 1\String Manipulator - Group 1.csproj", "{FEC9FFFF-ADFA-4671-8529-D42DB81B0A4E}"
EndProject
Global
	GlobalSection(SolutionConfigurationPlatforms) = preSolution
		Debug|Any CPU = Debug|Any CPU
		Release|Any CPU = Release|Any CPU
	EndGlobalSection
	GlobalSection(ProjectConfigurationPlatforms) = postSolution
		{FEC9FFFF-ADFA-4671-8529-D42DB81B0A4E}.Debug|Any CPU.ActiveCfg = Debug|Any CPU
		{FEC9FFFF-ADFA-4671-8529-D42DB81B0A4E}.Debug|Any CPU.Build.0 = Debug|Any CPU
		{FEC9FFFF-ADFA-4671-8529-D42DB81B0A4E}.Release|Any CPU.ActiveCfg = Release|Any CPU
		{FEC9FFFF-ADFA-4671-8529-D42DB81B0A4E}.Release|Any CPU.Build.0 = Release|Any CPU
	EndGlobalSection
	GlobalSection(SolutionProperties) = preSolution
		HideSolutionNode = FALSE
	EndGlobalSection
	GlobalSection(ExtensibilityGlobals) = postSolution
		SolutionGuid = {3484F536-3E09-4358-86D5-7C973A113F8F}
	EndGlobalSection
EndGlobal
