
Microsoft Visual Studio Solution File, Format Version 12.00
# Visual Studio 15
VisualStudioVersion = 15.0.28010.2036
MinimumVisualStudioVersion = 10.0.40219.1
Project("{FAE04EC0-301F-11D3-BF4B-00C04F79EFBC}") = "New House", "New House\New House.csproj", "{A4E7848F-D08B-44AC-84A4-6C3FE79A1598}"
EndProject
Global
	GlobalSection(SolutionConfigurationPlatforms) = preSolution
		Debug|Any CPU = Debug|Any CPU
		Release|Any CPU = Release|Any CPU
	EndGlobalSection
	GlobalSection(ProjectConfigurationPlatforms) = postSolution
		{A4E7848F-D08B-44AC-84A4-6C3FE79A1598}.Debug|Any CPU.ActiveCfg = Debug|Any CPU
		{A4E7848F-D08B-44AC-84A4-6C3FE79A1598}.Debug|Any CPU.Build.0 = Debug|Any CPU
		{A4E7848F-D08B-44AC-84A4-6C3FE79A1598}.Release|Any CPU.ActiveCfg = Release|Any CPU
		{A4E7848F-D08B-44AC-84A4-6C3FE79A1598}.Release|Any CPU.Build.0 = Release|Any CPU
	EndGlobalSection
	GlobalSection(SolutionProperties) = preSolution
		HideSolutionNode = FALSE
	EndGlobalSection
	GlobalSection(ExtensibilityGlobals) = postSolution
		SolutionGuid = {41B98337-8671-4710-A042-B43E7A84E7DC}
	EndGlobalSection
EndGlobal
