
Microsoft Visual Studio Solution File, Format Version 12.00
# Visual Studio Version 16
VisualStudioVersion = 16.0.29306.81
MinimumVisualStudioVersion = 10.0.40219.1
Project("{FAE04EC0-301F-11D3-BF4B-00C04F79EFBC}") = "Poke Mon", "Poke Mon\Poke Mon.csproj", "{B7E3C943-43F5-4B64-843D-D596B3C2A919}"
EndProject
Global
	GlobalSection(SolutionConfigurationPlatforms) = preSolution
		Debug|Any CPU = Debug|Any CPU
		Release|Any CPU = Release|Any CPU
	EndGlobalSection
	GlobalSection(ProjectConfigurationPlatforms) = postSolution
		{B7E3C943-43F5-4B64-843D-D596B3C2A919}.Debug|Any CPU.ActiveCfg = Debug|Any CPU
		{B7E3C943-43F5-4B64-843D-D596B3C2A919}.Debug|Any CPU.Build.0 = Debug|Any CPU
		{B7E3C943-43F5-4B64-843D-D596B3C2A919}.Release|Any CPU.ActiveCfg = Release|Any CPU
		{B7E3C943-43F5-4B64-843D-D596B3C2A919}.Release|Any CPU.Build.0 = Release|Any CPU
	EndGlobalSection
	GlobalSection(SolutionProperties) = preSolution
		HideSolutionNode = FALSE
	EndGlobalSection
	GlobalSection(ExtensibilityGlobals) = postSolution
		SolutionGuid = {BFAB1F65-80EB-4170-9245-64725C897BCB}
	EndGlobalSection
EndGlobal
