
Microsoft Visual Studio Solution File, Format Version 12.00
# Visual Studio Version 16
VisualStudioVersion = 16.0.29709.97
MinimumVisualStudioVersion = 10.0.40219.1
Project("{FAE04EC0-301F-11D3-BF4B-00C04F79EFBC}") = "Squares in Matrix", "Squares in Matrix\Squares in Matrix.csproj", "{2ED5D6EC-AEA9-4A3C-A614-93388E685A49}"
EndProject
Global
	GlobalSection(SolutionConfigurationPlatforms) = preSolution
		Debug|Any CPU = Debug|Any CPU
		Release|Any CPU = Release|Any CPU
	EndGlobalSection
	GlobalSection(ProjectConfigurationPlatforms) = postSolution
		{2ED5D6EC-AEA9-4A3C-A614-93388E685A49}.Debug|Any CPU.ActiveCfg = Debug|Any CPU
		{2ED5D6EC-AEA9-4A3C-A614-93388E685A49}.Debug|Any CPU.Build.0 = Debug|Any CPU
		{2ED5D6EC-AEA9-4A3C-A614-93388E685A49}.Release|Any CPU.ActiveCfg = Release|Any CPU
		{2ED5D6EC-AEA9-4A3C-A614-93388E685A49}.Release|Any CPU.Build.0 = Release|Any CPU
	EndGlobalSection
	GlobalSection(SolutionProperties) = preSolution
		HideSolutionNode = FALSE
	EndGlobalSection
	GlobalSection(ExtensibilityGlobals) = postSolution
		SolutionGuid = {62F709BE-C4C3-4D52-B4D6-056C28F8C3A6}
	EndGlobalSection
EndGlobal
