
Microsoft Visual Studio Solution File, Format Version 12.00
# Visual Studio Version 16
VisualStudioVersion = 16.0.29709.97
MinimumVisualStudioVersion = 10.0.40219.1
Project("{FAE04EC0-301F-11D3-BF4B-00C04F79EFBC}") = "Applied Arithmetics", "Applied Arithmetics\Applied Arithmetics.csproj", "{F1C8BC0F-886F-47CA-BFAD-8C7176AB8135}"
EndProject
Global
	GlobalSection(SolutionConfigurationPlatforms) = preSolution
		Debug|Any CPU = Debug|Any CPU
		Release|Any CPU = Release|Any CPU
	EndGlobalSection
	GlobalSection(ProjectConfigurationPlatforms) = postSolution
		{F1C8BC0F-886F-47CA-BFAD-8C7176AB8135}.Debug|Any CPU.ActiveCfg = Debug|Any CPU
		{F1C8BC0F-886F-47CA-BFAD-8C7176AB8135}.Debug|Any CPU.Build.0 = Debug|Any CPU
		{F1C8BC0F-886F-47CA-BFAD-8C7176AB8135}.Release|Any CPU.ActiveCfg = Release|Any CPU
		{F1C8BC0F-886F-47CA-BFAD-8C7176AB8135}.Release|Any CPU.Build.0 = Release|Any CPU
	EndGlobalSection
	GlobalSection(SolutionProperties) = preSolution
		HideSolutionNode = FALSE
	EndGlobalSection
	GlobalSection(ExtensibilityGlobals) = postSolution
		SolutionGuid = {73198613-96AD-4290-B19E-175288DCC278}
	EndGlobalSection
EndGlobal
