
Microsoft Visual Studio Solution File, Format Version 12.00
# Visual Studio Version 16
VisualStudioVersion = 16.0.29411.108
MinimumVisualStudioVersion = 10.0.40219.1
Project("{FAE04EC0-301F-11D3-BF4B-00C04F79EFBC}") = "String Explosion", "String Explosion\String Explosion.csproj", "{F0478976-B5A2-48D4-9857-4D1373DD1781}"
EndProject
Global
	GlobalSection(SolutionConfigurationPlatforms) = preSolution
		Debug|Any CPU = Debug|Any CPU
		Release|Any CPU = Release|Any CPU
	EndGlobalSection
	GlobalSection(ProjectConfigurationPlatforms) = postSolution
		{F0478976-B5A2-48D4-9857-4D1373DD1781}.Debug|Any CPU.ActiveCfg = Debug|Any CPU
		{F0478976-B5A2-48D4-9857-4D1373DD1781}.Debug|Any CPU.Build.0 = Debug|Any CPU
		{F0478976-B5A2-48D4-9857-4D1373DD1781}.Release|Any CPU.ActiveCfg = Release|Any CPU
		{F0478976-B5A2-48D4-9857-4D1373DD1781}.Release|Any CPU.Build.0 = Release|Any CPU
	EndGlobalSection
	GlobalSection(SolutionProperties) = preSolution
		HideSolutionNode = FALSE
	EndGlobalSection
	GlobalSection(ExtensibilityGlobals) = postSolution
		SolutionGuid = {441784FF-A9F3-48A1-B92C-79551D82E0D3}
	EndGlobalSection
EndGlobal
