
Microsoft Visual Studio Solution File, Format Version 12.00
# Visual Studio 15
VisualStudioVersion = 15.0.28307.852
MinimumVisualStudioVersion = 10.0.40219.1
Project("{FAE04EC0-301F-11D3-BF4B-00C04F79EFBC}") = "Last Stop", "Last Stop\Last Stop.csproj", "{A5A0E031-FAB4-445E-B19D-AE9DDD427A16}"
EndProject
Global
	GlobalSection(SolutionConfigurationPlatforms) = preSolution
		Debug|Any CPU = Debug|Any CPU
		Release|Any CPU = Release|Any CPU
	EndGlobalSection
	GlobalSection(ProjectConfigurationPlatforms) = postSolution
		{A5A0E031-FAB4-445E-B19D-AE9DDD427A16}.Debug|Any CPU.ActiveCfg = Debug|Any CPU
		{A5A0E031-FAB4-445E-B19D-AE9DDD427A16}.Debug|Any CPU.Build.0 = Debug|Any CPU
		{A5A0E031-FAB4-445E-B19D-AE9DDD427A16}.Release|Any CPU.ActiveCfg = Release|Any CPU
		{A5A0E031-FAB4-445E-B19D-AE9DDD427A16}.Release|Any CPU.Build.0 = Release|Any CPU
	EndGlobalSection
	GlobalSection(SolutionProperties) = preSolution
		HideSolutionNode = FALSE
	EndGlobalSection
	GlobalSection(ExtensibilityGlobals) = postSolution
		SolutionGuid = {73A44955-2BD6-4E02-8E36-F9839A0939C7}
	EndGlobalSection
EndGlobal
