
Microsoft Visual Studio Solution File, Format Version 12.00
# Visual Studio 15
VisualStudioVersion = 15.0.28307.852
MinimumVisualStudioVersion = 10.0.40219.1
Project("{FAE04EC0-301F-11D3-BF4B-00C04F79EFBC}") = "The Final Quest", "The Final Quest\The Final Quest.csproj", "{6CF1DEE5-19BF-4932-9EF6-91BB95F6D599}"
EndProject
Global
	GlobalSection(SolutionConfigurationPlatforms) = preSolution
		Debug|Any CPU = Debug|Any CPU
		Release|Any CPU = Release|Any CPU
	EndGlobalSection
	GlobalSection(ProjectConfigurationPlatforms) = postSolution
		{6CF1DEE5-19BF-4932-9EF6-91BB95F6D599}.Debug|Any CPU.ActiveCfg = Debug|Any CPU
		{6CF1DEE5-19BF-4932-9EF6-91BB95F6D599}.Debug|Any CPU.Build.0 = Debug|Any CPU
		{6CF1DEE5-19BF-4932-9EF6-91BB95F6D599}.Release|Any CPU.ActiveCfg = Release|Any CPU
		{6CF1DEE5-19BF-4932-9EF6-91BB95F6D599}.Release|Any CPU.Build.0 = Release|Any CPU
	EndGlobalSection
	GlobalSection(SolutionProperties) = preSolution
		HideSolutionNode = FALSE
	EndGlobalSection
	GlobalSection(ExtensibilityGlobals) = postSolution
		SolutionGuid = {24D18DF1-FDB3-46EF-A2E2-6A9DEEA0D493}
	EndGlobalSection
EndGlobal
