
Microsoft Visual Studio Solution File, Format Version 12.00
# Visual Studio 15
VisualStudioVersion = 15.0.28307.852
MinimumVisualStudioVersion = 10.0.40219.1
Project("{FAE04EC0-301F-11D3-BF4B-00C04F79EFBC}") = "Equal Sum", "Equal Sum\Equal Sum.csproj", "{4B67F647-15A1-4B64-9696-04EFE6402CD9}"
EndProject
Global
	GlobalSection(SolutionConfigurationPlatforms) = preSolution
		Debug|Any CPU = Debug|Any CPU
		Release|Any CPU = Release|Any CPU
	EndGlobalSection
	GlobalSection(ProjectConfigurationPlatforms) = postSolution
		{4B67F647-15A1-4B64-9696-04EFE6402CD9}.Debug|Any CPU.ActiveCfg = Debug|Any CPU
		{4B67F647-15A1-4B64-9696-04EFE6402CD9}.Debug|Any CPU.Build.0 = Debug|Any CPU
		{4B67F647-15A1-4B64-9696-04EFE6402CD9}.Release|Any CPU.ActiveCfg = Release|Any CPU
		{4B67F647-15A1-4B64-9696-04EFE6402CD9}.Release|Any CPU.Build.0 = Release|Any CPU
	EndGlobalSection
	GlobalSection(SolutionProperties) = preSolution
		HideSolutionNode = FALSE
	EndGlobalSection
	GlobalSection(ExtensibilityGlobals) = postSolution
		SolutionGuid = {463D9F7C-62B8-462C-A4E2-B9A3410839F3}
	EndGlobalSection
EndGlobal
