
Microsoft Visual Studio Solution File, Format Version 12.00
# Visual Studio Version 16
VisualStudioVersion = 16.0.29709.97
MinimumVisualStudioVersion = 10.0.40219.1
Project("{FAE04EC0-301F-11D3-BF4B-00C04F79EFBC}") = "Wardrobe", "Wardrobe\Wardrobe.csproj", "{BFBCE4FB-A554-4C65-8A58-96F4C9923331}"
EndProject
Global
	GlobalSection(SolutionConfigurationPlatforms) = preSolution
		Debug|Any CPU = Debug|Any CPU
		Release|Any CPU = Release|Any CPU
	EndGlobalSection
	GlobalSection(ProjectConfigurationPlatforms) = postSolution
		{BFBCE4FB-A554-4C65-8A58-96F4C9923331}.Debug|Any CPU.ActiveCfg = Debug|Any CPU
		{BFBCE4FB-A554-4C65-8A58-96F4C9923331}.Debug|Any CPU.Build.0 = Debug|Any CPU
		{BFBCE4FB-A554-4C65-8A58-96F4C9923331}.Release|Any CPU.ActiveCfg = Release|Any CPU
		{BFBCE4FB-A554-4C65-8A58-96F4C9923331}.Release|Any CPU.Build.0 = Release|Any CPU
	EndGlobalSection
	GlobalSection(SolutionProperties) = preSolution
		HideSolutionNode = FALSE
	EndGlobalSection
	GlobalSection(ExtensibilityGlobals) = postSolution
		SolutionGuid = {B4D5540C-7304-446D-B173-5DA43D4738EA}
	EndGlobalSection
EndGlobal
